// !$*UTF8*$!
{
	archiveVersion = 1;
	classes = {
	};
	objectVersion = 56;
	objects = {

/* Begin PBXBuildFile section */
		18057E992943386700F975AE /* ChatData.swift in Sources */ = {isa = PBXBuildFile; fileRef = 18057E982943386700F975AE /* ChatData.swift */; };
		1832BAB92931265D005D99D6 /* QueuInfo.swift in Sources */ = {isa = PBXBuildFile; fileRef = 1832BAB82931265D005D99D6 /* QueuInfo.swift */; };
		1834D6FB2934BD210020B2CE /* callSearchProtocol.swift in Sources */ = {isa = PBXBuildFile; fileRef = 1834D6FA2934BD210020B2CE /* callSearchProtocol.swift */; };
		1834D6FD2934BD530020B2CE /* TransferDataProtocol.swift in Sources */ = {isa = PBXBuildFile; fileRef = 1834D6FC2934BD530020B2CE /* TransferDataProtocol.swift */; };
		183834A2292DD311006C0675 /* SearchListViewController.swift in Sources */ = {isa = PBXBuildFile; fileRef = 183834A1292DD311006C0675 /* SearchListViewController.swift */; };
		183834A4292DD318006C0675 /* SearchListView.swift in Sources */ = {isa = PBXBuildFile; fileRef = 183834A3292DD318006C0675 /* SearchListView.swift */; };
		183834B1292E795B006C0675 /* Tabman in Frameworks */ = {isa = PBXBuildFile; productRef = 183834B0292E795B006C0675 /* Tabman */; };
		183834B3292E7A4D006C0675 /* AroundSeSacViewController.swift in Sources */ = {isa = PBXBuildFile; fileRef = 183834B2292E7A4D006C0675 /* AroundSeSacViewController.swift */; };
		183834B5292E7A67006C0675 /* AcceptViewController.swift in Sources */ = {isa = PBXBuildFile; fileRef = 183834B4292E7A67006C0675 /* AcceptViewController.swift */; };
		184DDD73291A899F00F12D63 /* RxCocoa in Frameworks */ = {isa = PBXBuildFile; productRef = 184DDD72291A899F00F12D63 /* RxCocoa */; };
		184DDD75291A899F00F12D63 /* RxSwift in Frameworks */ = {isa = PBXBuildFile; productRef = 184DDD74291A899F00F12D63 /* RxSwift */; };
		184DDD78291A89D000F12D63 /* SnapKit in Frameworks */ = {isa = PBXBuildFile; productRef = 184DDD77291A89D000F12D63 /* SnapKit */; };
		184DDD7B291A89EF00F12D63 /* Toast in Frameworks */ = {isa = PBXBuildFile; productRef = 184DDD7A291A89EF00F12D63 /* Toast */; };
		184DDD9C291AB2D000F12D63 /* AuthView.swift in Sources */ = {isa = PBXBuildFile; fileRef = 184DDD9B291AB2D000F12D63 /* AuthView.swift */; };
		184DDD9E291AB2E600F12D63 /* AuthViewController.swift in Sources */ = {isa = PBXBuildFile; fileRef = 184DDD9D291AB2E600F12D63 /* AuthViewController.swift */; };
		185F96B6294DF5A600FFB5F5 /* Repository.swift in Sources */ = {isa = PBXBuildFile; fileRef = 185F96B5294DF5A600FFB5F5 /* Repository.swift */; };
		1861EC7A291C0709008E0575 /* FirstViewController.swift in Sources */ = {isa = PBXBuildFile; fileRef = 1861EC79291C0709008E0575 /* FirstViewController.swift */; };
		1861EC7C291C1C73008E0575 /* SecondViewController.swift in Sources */ = {isa = PBXBuildFile; fileRef = 1861EC7B291C1C73008E0575 /* SecondViewController.swift */; };
		1861EC7E291C1C79008E0575 /* ThirdViewController.swift in Sources */ = {isa = PBXBuildFile; fileRef = 1861EC7D291C1C79008E0575 /* ThirdViewController.swift */; };
		186D3FB5294016D900C21145 /* APIKey.swift in Sources */ = {isa = PBXBuildFile; fileRef = 186D3FB4294016D900C21145 /* APIKey.swift */; };
		186D3FB729401B5500C21145 /* SocketIOManager.swift in Sources */ = {isa = PBXBuildFile; fileRef = 186D3FB629401B5500C21145 /* SocketIOManager.swift */; };
		186D3FBA29401B9200C21145 /* SocketIO in Frameworks */ = {isa = PBXBuildFile; productRef = 186D3FB929401B9200C21145 /* SocketIO */; };
		1885ACEF292FD3E400DBFEE7 /* APIQueue.swift in Sources */ = {isa = PBXBuildFile; fileRef = 1885ACEE292FD3E400DBFEE7 /* APIQueue.swift */; };
		1885ACF1292FDD7A00DBFEE7 /* APIProtocol.swift in Sources */ = {isa = PBXBuildFile; fileRef = 1885ACF0292FDD7A00DBFEE7 /* APIProtocol.swift */; };
		1887238C2938CC3B00C74DCE /* MychatTableViewCell.swift in Sources */ = {isa = PBXBuildFile; fileRef = 1887238B2938CC3B00C74DCE /* MychatTableViewCell.swift */; };
		189E7591293FC85100497096 /* ChattingCollectionViewCell.swift in Sources */ = {isa = PBXBuildFile; fileRef = 189E7590293FC85100497096 /* ChattingCollectionViewCell.swift */; };
		18A73E60294F265A002FD1C4 /* MyQueueStateProtocol.swift in Sources */ = {isa = PBXBuildFile; fileRef = 18A73E5F294F265A002FD1C4 /* MyQueueStateProtocol.swift */; };
		18AD858129214F7D004169C1 /* BirthViewController.swift in Sources */ = {isa = PBXBuildFile; fileRef = 18AD858029214F7D004169C1 /* BirthViewController.swift */; };
		18AD85832921509C004169C1 /* EmailViewController.swift in Sources */ = {isa = PBXBuildFile; fileRef = 18AD85822921509C004169C1 /* EmailViewController.swift */; };
		18AD8585292150E1004169C1 /* GenderViewController.swift in Sources */ = {isa = PBXBuildFile; fileRef = 18AD8584292150E1004169C1 /* GenderViewController.swift */; };
		18AD858729217131004169C1 /* UserInfo.swift in Sources */ = {isa = PBXBuildFile; fileRef = 18AD858629217131004169C1 /* UserInfo.swift */; };
		18B0DA17291A2995007044BA /* OnBoardingViewController.swift in Sources */ = {isa = PBXBuildFile; fileRef = 18B0DA16291A2995007044BA /* OnBoardingViewController.swift */; };
		18B0DA1C291A3FBF007044BA /* LoginViewController.swift in Sources */ = {isa = PBXBuildFile; fileRef = 18B0DA1B291A3FBF007044BA /* LoginViewController.swift */; };
		18B0DA1E291A3FC7007044BA /* LoginView.swift in Sources */ = {isa = PBXBuildFile; fileRef = 18B0DA1D291A3FC7007044BA /* LoginView.swift */; };
		18B32242293621270016AE1A /* SearchListTableViewCell.swift in Sources */ = {isa = PBXBuildFile; fileRef = 18B32241293621270016AE1A /* SearchListTableViewCell.swift */; };
		18B569C1293C433E0004314E /* LoginProtocol.swift in Sources */ = {isa = PBXBuildFile; fileRef = 18B569C0293C433E0004314E /* LoginProtocol.swift */; };
		18B569C3293C4E9C0004314E /* WithdrawProtocol.swift in Sources */ = {isa = PBXBuildFile; fileRef = 18B569C2293C4E9C0004314E /* WithdrawProtocol.swift */; };
		18B569C5293C534B0004314E /* SignupProtocol.swift in Sources */ = {isa = PBXBuildFile; fileRef = 18B569C4293C534B0004314E /* SignupProtocol.swift */; };
		18B569C7293C60F10004314E /* MypageProtocol.swift in Sources */ = {isa = PBXBuildFile; fileRef = 18B569C6293C60F10004314E /* MypageProtocol.swift */; };
		18B569C9293C7DF40004314E /* StopProtocol.swift in Sources */ = {isa = PBXBuildFile; fileRef = 18B569C8293C7DF40004314E /* StopProtocol.swift */; };
		18B6A0382938D63B00FA23D9 /* YourChatTableViewCell.swift in Sources */ = {isa = PBXBuildFile; fileRef = 18B6A0372938D63B00FA23D9 /* YourChatTableViewCell.swift */; };
		18B6A03B2938FEAC00FA23D9 /* Realm in Frameworks */ = {isa = PBXBuildFile; productRef = 18B6A03A2938FEAC00FA23D9 /* Realm */; };
		18B6A03D2938FEAC00FA23D9 /* RealmSwift in Frameworks */ = {isa = PBXBuildFile; productRef = 18B6A03C2938FEAC00FA23D9 /* RealmSwift */; };
		18BF5F392937678C007B20EB /* AroundProtocol.swift in Sources */ = {isa = PBXBuildFile; fileRef = 18BF5F382937678C007B20EB /* AroundProtocol.swift */; };
		18BF5F3B2937BE29007B20EB /* AcceptProtocol.swift in Sources */ = {isa = PBXBuildFile; fileRef = 18BF5F3A2937BE29007B20EB /* AcceptProtocol.swift */; };
		18C4DFF0293486E8008C0A2C /* SearchProtocol.swift in Sources */ = {isa = PBXBuildFile; fileRef = 18C4DFEF293486E8008C0A2C /* SearchProtocol.swift */; };
		18C9FAB7291CB08C00F78848 /* GoogleService-Info.plist in Resources */ = {isa = PBXBuildFile; fileRef = 18C9FAB6291CB08C00F78848 /* GoogleService-Info.plist */; };
		18C9FAC1291CDB7400F78848 /* Enum.swift in Sources */ = {isa = PBXBuildFile; fileRef = 18C9FAC0291CDB7400F78848 /* Enum.swift */; };
		18C9FAC3291CDBD000F78848 /* OnBoardingView.swift in Sources */ = {isa = PBXBuildFile; fileRef = 18C9FAC2291CDBD000F78848 /* OnBoardingView.swift */; };
		18C9FAC5291CE13B00F78848 /* NickNameViewController.swift in Sources */ = {isa = PBXBuildFile; fileRef = 18C9FAC4291CE13B00F78848 /* NickNameViewController.swift */; };
		18CBBEB0292210F800CEC097 /* FirebaseAuth in Frameworks */ = {isa = PBXBuildFile; productRef = 18CBBEAF292210F800CEC097 /* FirebaseAuth */; };
		18CBBEB2292210F800CEC097 /* FirebaseMessaging in Frameworks */ = {isa = PBXBuildFile; productRef = 18CBBEB1292210F800CEC097 /* FirebaseMessaging */; };
		18D5C5FD2941ADA100A6615A /* CVEnum.swift in Sources */ = {isa = PBXBuildFile; fileRef = 18D5C5FC2941ADA100A6615A /* CVEnum.swift */; };
		18D5C5FF2941CCEC00A6615A /* ReviewProtocol.swift in Sources */ = {isa = PBXBuildFile; fileRef = 18D5C5FE2941CCEC00A6615A /* ReviewProtocol.swift */; };
		18D5C6012941E46300A6615A /* APIQueueProtocol.swift in Sources */ = {isa = PBXBuildFile; fileRef = 18D5C6002941E46300A6615A /* APIQueueProtocol.swift */; };
		18D65DEF291D535C00CBEAB4 /* APIUser.swift in Sources */ = {isa = PBXBuildFile; fileRef = 18D65DEE291D535C00CBEAB4 /* APIUser.swift */; };
		18D65DF2291D55CE00CBEAB4 /* Alamofire in Frameworks */ = {isa = PBXBuildFile; productRef = 18D65DF1291D55CE00CBEAB4 /* Alamofire */; };
		18D65DF4291D585D00CBEAB4 /* APIHeader.swift in Sources */ = {isa = PBXBuildFile; fileRef = 18D65DF3291D585D00CBEAB4 /* APIHeader.swift */; };
		18D7419E294B87AC00F25491 /* APISeSac.swift in Sources */ = {isa = PBXBuildFile; fileRef = 18D7419D294B87AC00F25491 /* APISeSac.swift */; };
		18DAFFE62928C371002B6B7C /* HeaderView.swift in Sources */ = {isa = PBXBuildFile; fileRef = 18DAFFE52928C371002B6B7C /* HeaderView.swift */; };
		18DC246C29189DDD00DD5D1C /* AppDelegate.swift in Sources */ = {isa = PBXBuildFile; fileRef = 18DC246B29189DDD00DD5D1C /* AppDelegate.swift */; };
		18DC246E29189DDD00DD5D1C /* SceneDelegate.swift in Sources */ = {isa = PBXBuildFile; fileRef = 18DC246D29189DDD00DD5D1C /* SceneDelegate.swift */; };
		18DC247029189DDD00DD5D1C /* HomeViewController.swift in Sources */ = {isa = PBXBuildFile; fileRef = 18DC246F29189DDD00DD5D1C /* HomeViewController.swift */; };
		18DC247529189DDE00DD5D1C /* Assets.xcassets in Resources */ = {isa = PBXBuildFile; fileRef = 18DC247429189DDE00DD5D1C /* Assets.xcassets */; };
		18DC247829189DDE00DD5D1C /* LaunchScreen.storyboard in Resources */ = {isa = PBXBuildFile; fileRef = 18DC247629189DDE00DD5D1C /* LaunchScreen.storyboard */; };
		18DC248329189DDE00DD5D1C /* ServiceLevelProjectTests.swift in Sources */ = {isa = PBXBuildFile; fileRef = 18DC248229189DDE00DD5D1C /* ServiceLevelProjectTests.swift */; };
		18DC248D29189DDE00DD5D1C /* ServiceLevelProjectUITests.swift in Sources */ = {isa = PBXBuildFile; fileRef = 18DC248C29189DDE00DD5D1C /* ServiceLevelProjectUITests.swift */; };
		18DC248F29189DDE00DD5D1C /* ServiceLevelProjectUITestsLaunchTests.swift in Sources */ = {isa = PBXBuildFile; fileRef = 18DC248E29189DDE00DD5D1C /* ServiceLevelProjectUITestsLaunchTests.swift */; };
		18DC24AC2918E23E00DD5D1C /* AppColor.swift in Sources */ = {isa = PBXBuildFile; fileRef = 18DC24AB2918E23E00DD5D1C /* AppColor.swift */; };
		18DC24AE2918E24E00DD5D1C /* .gitignore in Resources */ = {isa = PBXBuildFile; fileRef = 18DC24AD2918E24E00DD5D1C /* .gitignore */; };
		18DC24B02918EAA900DD5D1C /* AppFont.swift in Sources */ = {isa = PBXBuildFile; fileRef = 18DC24AF2918EAA900DD5D1C /* AppFont.swift */; };
		18DC24B4291928FC00DD5D1C /* ViewModelType.swift in Sources */ = {isa = PBXBuildFile; fileRef = 18DC24B3291928FC00DD5D1C /* ViewModelType.swift */; };
		18DC24B62919290D00DD5D1C /* Transition.swift in Sources */ = {isa = PBXBuildFile; fileRef = 18DC24B52919290D00DD5D1C /* Transition.swift */; };
		18DC24BC291929BD00DD5D1C /* BaseViewController.swift in Sources */ = {isa = PBXBuildFile; fileRef = 18DC24BB291929BD00DD5D1C /* BaseViewController.swift */; };
		18DC24BE291929C600DD5D1C /* BaseView.swift in Sources */ = {isa = PBXBuildFile; fileRef = 18DC24BD291929C600DD5D1C /* BaseView.swift */; };
		18DC24C129192A2200DD5D1C /* HomeView.swift in Sources */ = {isa = PBXBuildFile; fileRef = 18DC24C029192A2200DD5D1C /* HomeView.swift */; };
		18DEA04B2933DB410098920A /* HomeProtocol.swift in Sources */ = {isa = PBXBuildFile; fileRef = 18DEA04A2933DB410098920A /* HomeProtocol.swift */; };
		18E1DEF52950246A003498C1 /* APIUserProtocol.swift in Sources */ = {isa = PBXBuildFile; fileRef = 18E1DEF42950246A003498C1 /* APIUserProtocol.swift */; };
		18E283332929F3D000878738 /* InfoManageMentCollectionViewCell.swift in Sources */ = {isa = PBXBuildFile; fileRef = 18E283322929F3D000878738 /* InfoManageMentCollectionViewCell.swift */; };
		18E283352929FADF00878738 /* HeaderCollectionView.swift in Sources */ = {isa = PBXBuildFile; fileRef = 18E283342929FADF00878738 /* HeaderCollectionView.swift */; };
		18EC05A829386410007EA5CB /* ChattingViewController.swift in Sources */ = {isa = PBXBuildFile; fileRef = 18EC05A729386410007EA5CB /* ChattingViewController.swift */; };
		18EC05AA29386420007EA5CB /* ChattingView.swift in Sources */ = {isa = PBXBuildFile; fileRef = 18EC05A929386420007EA5CB /* ChattingView.swift */; };
		18EC05AC293875BD007EA5CB /* DodgeProtocol.swift in Sources */ = {isa = PBXBuildFile; fileRef = 18EC05AB293875BD007EA5CB /* DodgeProtocol.swift */; };
		18EC05AE29387920007EA5CB /* APIChat.swift in Sources */ = {isa = PBXBuildFile; fileRef = 18EC05AD29387920007EA5CB /* APIChat.swift */; };
		18EC05B029387A74007EA5CB /* ChatInfo.swift in Sources */ = {isa = PBXBuildFile; fileRef = 18EC05AF29387A74007EA5CB /* ChatInfo.swift */; };
		18EC05B229387E1F007EA5CB /* ChatProtocol.swift in Sources */ = {isa = PBXBuildFile; fileRef = 18EC05B129387E1F007EA5CB /* ChatProtocol.swift */; };
		18EC2FCD2932786100071C94 /* ImageEnum.swift in Sources */ = {isa = PBXBuildFile; fileRef = 18EC2FCC2932786100071C94 /* ImageEnum.swift */; };
		18EFC70429236AA400FB3DB2 /* Date.swift in Sources */ = {isa = PBXBuildFile; fileRef = 18EFC70329236AA400FB3DB2 /* Date.swift */; };
		18EFC706292477B900FB3DB2 /* TapViewController.swift in Sources */ = {isa = PBXBuildFile; fileRef = 18EFC705292477B900FB3DB2 /* TapViewController.swift */; };
		18EFC70F29249E3C00FB3DB2 /* MyInfoViewController.swift in Sources */ = {isa = PBXBuildFile; fileRef = 18EFC70E29249E3C00FB3DB2 /* MyInfoViewController.swift */; };
		18EFC71729249E5F00FB3DB2 /* SesacShopViewController.swift in Sources */ = {isa = PBXBuildFile; fileRef = 18EFC71629249E5F00FB3DB2 /* SesacShopViewController.swift */; };
		18EFC7332924EDC300FB3DB2 /* MyInfoView.swift in Sources */ = {isa = PBXBuildFile; fileRef = 18EFC7322924EDC300FB3DB2 /* MyInfoView.swift */; };
		18EFC738292610B000FB3DB2 /* InfoManageMentViewController.swift in Sources */ = {isa = PBXBuildFile; fileRef = 18EFC737292610B000FB3DB2 /* InfoManageMentViewController.swift */; };
		18EFC73A292614CD00FB3DB2 /* InfoManageMentView.swift in Sources */ = {isa = PBXBuildFile; fileRef = 18EFC739292614CD00FB3DB2 /* InfoManageMentView.swift */; };
		18EFC73E292614EE00FB3DB2 /* InfoManageMentTableViewCell.swift in Sources */ = {isa = PBXBuildFile; fileRef = 18EFC73D292614EE00FB3DB2 /* InfoManageMentTableViewCell.swift */; };
		18EFC742292618CE00FB3DB2 /* Identifier.swift in Sources */ = {isa = PBXBuildFile; fileRef = 18EFC741292618CE00FB3DB2 /* Identifier.swift */; };
		18F10CD6292B3DCB0038BEEE /* SearchView.swift in Sources */ = {isa = PBXBuildFile; fileRef = 18F10CD5292B3DCB0038BEEE /* SearchView.swift */; };
		18F10CD8292B3DE00038BEEE /* SearchViewController.swift in Sources */ = {isa = PBXBuildFile; fileRef = 18F10CD7292B3DE00038BEEE /* SearchViewController.swift */; };
		18F10CDB292B5F720038BEEE /* MultiSlider in Frameworks */ = {isa = PBXBuildFile; productRef = 18F10CDA292B5F720038BEEE /* MultiSlider */; };
		18F10CDF292BBC430038BEEE /* Network.swift in Sources */ = {isa = PBXBuildFile; fileRef = 18F10CDE292BBC430038BEEE /* Network.swift */; };
		18F10CE1292BCA8C0038BEEE /* Error+Extension.swift in Sources */ = {isa = PBXBuildFile; fileRef = 18F10CE0292BCA8C0038BEEE /* Error+Extension.swift */; };
		18F10CE3292BD10F0038BEEE /* ErrorCase.swift in Sources */ = {isa = PBXBuildFile; fileRef = 18F10CE2292BD10F0038BEEE /* ErrorCase.swift */; };
		18F10CE5292BD49E0038BEEE /* NetWorkViewModel.swift in Sources */ = {isa = PBXBuildFile; fileRef = 18F10CE4292BD49E0038BEEE /* NetWorkViewModel.swift */; };
		1E3CEBAC5365DE99799F5E39 /* Pods_ServiceLevelProject.framework in Frameworks */ = {isa = PBXBuildFile; fileRef = 2FF5EFB55C66946D0EEEA7B3 /* Pods_ServiceLevelProject.framework */; };
/* End PBXBuildFile section */

/* Begin PBXContainerItemProxy section */
		18DC247F29189DDE00DD5D1C /* PBXContainerItemProxy */ = {
			isa = PBXContainerItemProxy;
			containerPortal = 18DC246029189DDD00DD5D1C /* Project object */;
			proxyType = 1;
			remoteGlobalIDString = 18DC246729189DDD00DD5D1C;
			remoteInfo = ServiceLevelProject;
		};
		18DC248929189DDE00DD5D1C /* PBXContainerItemProxy */ = {
			isa = PBXContainerItemProxy;
			containerPortal = 18DC246029189DDD00DD5D1C /* Project object */;
			proxyType = 1;
			remoteGlobalIDString = 18DC246729189DDD00DD5D1C;
			remoteInfo = ServiceLevelProject;
		};
/* End PBXContainerItemProxy section */

/* Begin PBXFileReference section */
		18057E982943386700F975AE /* ChatData.swift */ = {isa = PBXFileReference; lastKnownFileType = sourcecode.swift; path = ChatData.swift; sourceTree = "<group>"; };
		1832BAB82931265D005D99D6 /* QueuInfo.swift */ = {isa = PBXFileReference; lastKnownFileType = sourcecode.swift; path = QueuInfo.swift; sourceTree = "<group>"; };
		1834D6FA2934BD210020B2CE /* callSearchProtocol.swift */ = {isa = PBXFileReference; lastKnownFileType = sourcecode.swift; path = callSearchProtocol.swift; sourceTree = "<group>"; };
		1834D6FC2934BD530020B2CE /* TransferDataProtocol.swift */ = {isa = PBXFileReference; lastKnownFileType = sourcecode.swift; path = TransferDataProtocol.swift; sourceTree = "<group>"; };
		183834A1292DD311006C0675 /* SearchListViewController.swift */ = {isa = PBXFileReference; lastKnownFileType = sourcecode.swift; path = SearchListViewController.swift; sourceTree = "<group>"; };
		183834A3292DD318006C0675 /* SearchListView.swift */ = {isa = PBXFileReference; lastKnownFileType = sourcecode.swift; path = SearchListView.swift; sourceTree = "<group>"; };
		183834B2292E7A4D006C0675 /* AroundSeSacViewController.swift */ = {isa = PBXFileReference; lastKnownFileType = sourcecode.swift; path = AroundSeSacViewController.swift; sourceTree = "<group>"; };
		183834B4292E7A67006C0675 /* AcceptViewController.swift */ = {isa = PBXFileReference; lastKnownFileType = sourcecode.swift; path = AcceptViewController.swift; sourceTree = "<group>"; };
		1845F0CB294B9E3F00A0A9F6 /* README.md */ = {isa = PBXFileReference; lastKnownFileType = net.daringfireball.markdown; path = README.md; sourceTree = "<group>"; };
		184DDD9B291AB2D000F12D63 /* AuthView.swift */ = {isa = PBXFileReference; lastKnownFileType = sourcecode.swift; path = AuthView.swift; sourceTree = "<group>"; };
		184DDD9D291AB2E600F12D63 /* AuthViewController.swift */ = {isa = PBXFileReference; lastKnownFileType = sourcecode.swift; path = AuthViewController.swift; sourceTree = "<group>"; };
		185F96B5294DF5A600FFB5F5 /* Repository.swift */ = {isa = PBXFileReference; lastKnownFileType = sourcecode.swift; path = Repository.swift; sourceTree = "<group>"; };
		1861EC79291C0709008E0575 /* FirstViewController.swift */ = {isa = PBXFileReference; lastKnownFileType = sourcecode.swift; path = FirstViewController.swift; sourceTree = "<group>"; };
		1861EC7B291C1C73008E0575 /* SecondViewController.swift */ = {isa = PBXFileReference; lastKnownFileType = sourcecode.swift; path = SecondViewController.swift; sourceTree = "<group>"; };
		1861EC7D291C1C79008E0575 /* ThirdViewController.swift */ = {isa = PBXFileReference; lastKnownFileType = sourcecode.swift; path = ThirdViewController.swift; sourceTree = "<group>"; };
		186D3FB4294016D900C21145 /* APIKey.swift */ = {isa = PBXFileReference; lastKnownFileType = sourcecode.swift; path = APIKey.swift; sourceTree = "<group>"; };
		186D3FB629401B5500C21145 /* SocketIOManager.swift */ = {isa = PBXFileReference; lastKnownFileType = sourcecode.swift; path = SocketIOManager.swift; sourceTree = "<group>"; };
		1885ACEE292FD3E400DBFEE7 /* APIQueue.swift */ = {isa = PBXFileReference; lastKnownFileType = sourcecode.swift; path = APIQueue.swift; sourceTree = "<group>"; };
		1885ACF0292FDD7A00DBFEE7 /* APIProtocol.swift */ = {isa = PBXFileReference; lastKnownFileType = sourcecode.swift; path = APIProtocol.swift; sourceTree = "<group>"; };
		1887238B2938CC3B00C74DCE /* MychatTableViewCell.swift */ = {isa = PBXFileReference; lastKnownFileType = sourcecode.swift; path = MychatTableViewCell.swift; sourceTree = "<group>"; };
		189E7590293FC85100497096 /* ChattingCollectionViewCell.swift */ = {isa = PBXFileReference; lastKnownFileType = sourcecode.swift; path = ChattingCollectionViewCell.swift; sourceTree = "<group>"; };
		18A73E5F294F265A002FD1C4 /* MyQueueStateProtocol.swift */ = {isa = PBXFileReference; lastKnownFileType = sourcecode.swift; path = MyQueueStateProtocol.swift; sourceTree = "<group>"; };
		18AD858029214F7D004169C1 /* BirthViewController.swift */ = {isa = PBXFileReference; lastKnownFileType = sourcecode.swift; path = BirthViewController.swift; sourceTree = "<group>"; };
		18AD85822921509C004169C1 /* EmailViewController.swift */ = {isa = PBXFileReference; lastKnownFileType = sourcecode.swift; path = EmailViewController.swift; sourceTree = "<group>"; };
		18AD8584292150E1004169C1 /* GenderViewController.swift */ = {isa = PBXFileReference; lastKnownFileType = sourcecode.swift; path = GenderViewController.swift; sourceTree = "<group>"; };
		18AD858629217131004169C1 /* UserInfo.swift */ = {isa = PBXFileReference; lastKnownFileType = sourcecode.swift; path = UserInfo.swift; sourceTree = "<group>"; };
		18B0DA16291A2995007044BA /* OnBoardingViewController.swift */ = {isa = PBXFileReference; lastKnownFileType = sourcecode.swift; path = OnBoardingViewController.swift; sourceTree = "<group>"; };
		18B0DA1B291A3FBF007044BA /* LoginViewController.swift */ = {isa = PBXFileReference; lastKnownFileType = sourcecode.swift; path = LoginViewController.swift; sourceTree = "<group>"; };
		18B0DA1D291A3FC7007044BA /* LoginView.swift */ = {isa = PBXFileReference; lastKnownFileType = sourcecode.swift; path = LoginView.swift; sourceTree = "<group>"; };
		18B0DA22291A63CF007044BA /* ServiceLevelProject.entitlements */ = {isa = PBXFileReference; lastKnownFileType = text.plist.entitlements; path = ServiceLevelProject.entitlements; sourceTree = "<group>"; };
		18B32241293621270016AE1A /* SearchListTableViewCell.swift */ = {isa = PBXFileReference; lastKnownFileType = sourcecode.swift; path = SearchListTableViewCell.swift; sourceTree = "<group>"; };
		18B569C0293C433E0004314E /* LoginProtocol.swift */ = {isa = PBXFileReference; lastKnownFileType = sourcecode.swift; path = LoginProtocol.swift; sourceTree = "<group>"; };
		18B569C2293C4E9C0004314E /* WithdrawProtocol.swift */ = {isa = PBXFileReference; lastKnownFileType = sourcecode.swift; path = WithdrawProtocol.swift; sourceTree = "<group>"; };
		18B569C4293C534B0004314E /* SignupProtocol.swift */ = {isa = PBXFileReference; lastKnownFileType = sourcecode.swift; path = SignupProtocol.swift; sourceTree = "<group>"; };
		18B569C6293C60F10004314E /* MypageProtocol.swift */ = {isa = PBXFileReference; lastKnownFileType = sourcecode.swift; path = MypageProtocol.swift; sourceTree = "<group>"; };
		18B569C8293C7DF40004314E /* StopProtocol.swift */ = {isa = PBXFileReference; lastKnownFileType = sourcecode.swift; path = StopProtocol.swift; sourceTree = "<group>"; };
		18B6A0372938D63B00FA23D9 /* YourChatTableViewCell.swift */ = {isa = PBXFileReference; lastKnownFileType = sourcecode.swift; path = YourChatTableViewCell.swift; sourceTree = "<group>"; };
		18BF5F382937678C007B20EB /* AroundProtocol.swift */ = {isa = PBXFileReference; lastKnownFileType = sourcecode.swift; path = AroundProtocol.swift; sourceTree = "<group>"; };
		18BF5F3A2937BE29007B20EB /* AcceptProtocol.swift */ = {isa = PBXFileReference; lastKnownFileType = sourcecode.swift; path = AcceptProtocol.swift; sourceTree = "<group>"; };
		18C4DFEF293486E8008C0A2C /* SearchProtocol.swift */ = {isa = PBXFileReference; lastKnownFileType = sourcecode.swift; path = SearchProtocol.swift; sourceTree = "<group>"; };
		18C9FAB6291CB08C00F78848 /* GoogleService-Info.plist */ = {isa = PBXFileReference; fileEncoding = 4; lastKnownFileType = text.plist.xml; name = "GoogleService-Info.plist"; path = "../../../../../Desktop/공인인증서/GoogleService-Info.plist"; sourceTree = "<group>"; };
		18C9FAC0291CDB7400F78848 /* Enum.swift */ = {isa = PBXFileReference; lastKnownFileType = sourcecode.swift; path = Enum.swift; sourceTree = "<group>"; };
		18C9FAC2291CDBD000F78848 /* OnBoardingView.swift */ = {isa = PBXFileReference; lastKnownFileType = sourcecode.swift; path = OnBoardingView.swift; sourceTree = "<group>"; };
		18C9FAC4291CE13B00F78848 /* NickNameViewController.swift */ = {isa = PBXFileReference; lastKnownFileType = sourcecode.swift; path = NickNameViewController.swift; sourceTree = "<group>"; };
		18D5C5FC2941ADA100A6615A /* CVEnum.swift */ = {isa = PBXFileReference; lastKnownFileType = sourcecode.swift; path = CVEnum.swift; sourceTree = "<group>"; };
		18D5C5FE2941CCEC00A6615A /* ReviewProtocol.swift */ = {isa = PBXFileReference; lastKnownFileType = sourcecode.swift; path = ReviewProtocol.swift; sourceTree = "<group>"; };
		18D5C6002941E46300A6615A /* APIQueueProtocol.swift */ = {isa = PBXFileReference; lastKnownFileType = sourcecode.swift; path = APIQueueProtocol.swift; sourceTree = "<group>"; };
		18D65DEE291D535C00CBEAB4 /* APIUser.swift */ = {isa = PBXFileReference; lastKnownFileType = sourcecode.swift; path = APIUser.swift; sourceTree = "<group>"; };
		18D65DF3291D585D00CBEAB4 /* APIHeader.swift */ = {isa = PBXFileReference; lastKnownFileType = sourcecode.swift; path = APIHeader.swift; sourceTree = "<group>"; };
		18D7419D294B87AC00F25491 /* APISeSac.swift */ = {isa = PBXFileReference; fileEncoding = 4; lastKnownFileType = sourcecode.swift; path = APISeSac.swift; sourceTree = "<group>"; };
		18DAFFE52928C371002B6B7C /* HeaderView.swift */ = {isa = PBXFileReference; lastKnownFileType = sourcecode.swift; path = HeaderView.swift; sourceTree = "<group>"; };
		18DC246829189DDD00DD5D1C /* ServiceLevelProject.app */ = {isa = PBXFileReference; explicitFileType = wrapper.application; includeInIndex = 0; path = ServiceLevelProject.app; sourceTree = BUILT_PRODUCTS_DIR; };
		18DC246B29189DDD00DD5D1C /* AppDelegate.swift */ = {isa = PBXFileReference; lastKnownFileType = sourcecode.swift; path = AppDelegate.swift; sourceTree = "<group>"; };
		18DC246D29189DDD00DD5D1C /* SceneDelegate.swift */ = {isa = PBXFileReference; lastKnownFileType = sourcecode.swift; path = SceneDelegate.swift; sourceTree = "<group>"; };
		18DC246F29189DDD00DD5D1C /* HomeViewController.swift */ = {isa = PBXFileReference; lastKnownFileType = sourcecode.swift; path = HomeViewController.swift; sourceTree = "<group>"; };
		18DC247429189DDE00DD5D1C /* Assets.xcassets */ = {isa = PBXFileReference; lastKnownFileType = folder.assetcatalog; path = Assets.xcassets; sourceTree = "<group>"; };
		18DC247729189DDE00DD5D1C /* Base */ = {isa = PBXFileReference; lastKnownFileType = file.storyboard; name = Base; path = Base.lproj/LaunchScreen.storyboard; sourceTree = "<group>"; };
		18DC247929189DDE00DD5D1C /* Info.plist */ = {isa = PBXFileReference; lastKnownFileType = text.plist.xml; path = Info.plist; sourceTree = "<group>"; };
		18DC247E29189DDE00DD5D1C /* ServiceLevelProjectTests.xctest */ = {isa = PBXFileReference; explicitFileType = wrapper.cfbundle; includeInIndex = 0; path = ServiceLevelProjectTests.xctest; sourceTree = BUILT_PRODUCTS_DIR; };
		18DC248229189DDE00DD5D1C /* ServiceLevelProjectTests.swift */ = {isa = PBXFileReference; lastKnownFileType = sourcecode.swift; path = ServiceLevelProjectTests.swift; sourceTree = "<group>"; };
		18DC248829189DDE00DD5D1C /* ServiceLevelProjectUITests.xctest */ = {isa = PBXFileReference; explicitFileType = wrapper.cfbundle; includeInIndex = 0; path = ServiceLevelProjectUITests.xctest; sourceTree = BUILT_PRODUCTS_DIR; };
		18DC248C29189DDE00DD5D1C /* ServiceLevelProjectUITests.swift */ = {isa = PBXFileReference; lastKnownFileType = sourcecode.swift; path = ServiceLevelProjectUITests.swift; sourceTree = "<group>"; };
		18DC248E29189DDE00DD5D1C /* ServiceLevelProjectUITestsLaunchTests.swift */ = {isa = PBXFileReference; lastKnownFileType = sourcecode.swift; path = ServiceLevelProjectUITestsLaunchTests.swift; sourceTree = "<group>"; };
		18DC24AB2918E23E00DD5D1C /* AppColor.swift */ = {isa = PBXFileReference; lastKnownFileType = sourcecode.swift; path = AppColor.swift; sourceTree = "<group>"; };
		18DC24AD2918E24E00DD5D1C /* .gitignore */ = {isa = PBXFileReference; lastKnownFileType = text; path = .gitignore; sourceTree = "<group>"; };
		18DC24AF2918EAA900DD5D1C /* AppFont.swift */ = {isa = PBXFileReference; lastKnownFileType = sourcecode.swift; path = AppFont.swift; sourceTree = "<group>"; };
		18DC24B3291928FC00DD5D1C /* ViewModelType.swift */ = {isa = PBXFileReference; lastKnownFileType = sourcecode.swift; path = ViewModelType.swift; sourceTree = "<group>"; };
		18DC24B52919290D00DD5D1C /* Transition.swift */ = {isa = PBXFileReference; lastKnownFileType = sourcecode.swift; path = Transition.swift; sourceTree = "<group>"; };
		18DC24BB291929BD00DD5D1C /* BaseViewController.swift */ = {isa = PBXFileReference; lastKnownFileType = sourcecode.swift; path = BaseViewController.swift; sourceTree = "<group>"; };
		18DC24BD291929C600DD5D1C /* BaseView.swift */ = {isa = PBXFileReference; lastKnownFileType = sourcecode.swift; path = BaseView.swift; sourceTree = "<group>"; };
		18DC24C029192A2200DD5D1C /* HomeView.swift */ = {isa = PBXFileReference; lastKnownFileType = sourcecode.swift; path = HomeView.swift; sourceTree = "<group>"; };
		18DEA04A2933DB410098920A /* HomeProtocol.swift */ = {isa = PBXFileReference; lastKnownFileType = sourcecode.swift; path = HomeProtocol.swift; sourceTree = "<group>"; };
		18E1DEF42950246A003498C1 /* APIUserProtocol.swift */ = {isa = PBXFileReference; lastKnownFileType = sourcecode.swift; path = APIUserProtocol.swift; sourceTree = "<group>"; };
		18E283322929F3D000878738 /* InfoManageMentCollectionViewCell.swift */ = {isa = PBXFileReference; lastKnownFileType = sourcecode.swift; path = InfoManageMentCollectionViewCell.swift; sourceTree = "<group>"; };
		18E283342929FADF00878738 /* HeaderCollectionView.swift */ = {isa = PBXFileReference; lastKnownFileType = sourcecode.swift; path = HeaderCollectionView.swift; sourceTree = "<group>"; };
		18EC05A729386410007EA5CB /* ChattingViewController.swift */ = {isa = PBXFileReference; lastKnownFileType = sourcecode.swift; path = ChattingViewController.swift; sourceTree = "<group>"; };
		18EC05A929386420007EA5CB /* ChattingView.swift */ = {isa = PBXFileReference; lastKnownFileType = sourcecode.swift; path = ChattingView.swift; sourceTree = "<group>"; };
		18EC05AB293875BD007EA5CB /* DodgeProtocol.swift */ = {isa = PBXFileReference; lastKnownFileType = sourcecode.swift; path = DodgeProtocol.swift; sourceTree = "<group>"; };
		18EC05AD29387920007EA5CB /* APIChat.swift */ = {isa = PBXFileReference; lastKnownFileType = sourcecode.swift; path = APIChat.swift; sourceTree = "<group>"; };
		18EC05AF29387A74007EA5CB /* ChatInfo.swift */ = {isa = PBXFileReference; lastKnownFileType = sourcecode.swift; path = ChatInfo.swift; sourceTree = "<group>"; };
		18EC05B129387E1F007EA5CB /* ChatProtocol.swift */ = {isa = PBXFileReference; lastKnownFileType = sourcecode.swift; path = ChatProtocol.swift; sourceTree = "<group>"; };
		18EC2FCC2932786100071C94 /* ImageEnum.swift */ = {isa = PBXFileReference; lastKnownFileType = sourcecode.swift; path = ImageEnum.swift; sourceTree = "<group>"; };
		18EFC70329236AA400FB3DB2 /* Date.swift */ = {isa = PBXFileReference; lastKnownFileType = sourcecode.swift; path = Date.swift; sourceTree = "<group>"; };
		18EFC705292477B900FB3DB2 /* TapViewController.swift */ = {isa = PBXFileReference; lastKnownFileType = sourcecode.swift; path = TapViewController.swift; sourceTree = "<group>"; };
		18EFC70E29249E3C00FB3DB2 /* MyInfoViewController.swift */ = {isa = PBXFileReference; lastKnownFileType = sourcecode.swift; path = MyInfoViewController.swift; sourceTree = "<group>"; };
		18EFC71629249E5F00FB3DB2 /* SesacShopViewController.swift */ = {isa = PBXFileReference; lastKnownFileType = sourcecode.swift; path = SesacShopViewController.swift; sourceTree = "<group>"; };
		18EFC7322924EDC300FB3DB2 /* MyInfoView.swift */ = {isa = PBXFileReference; lastKnownFileType = sourcecode.swift; path = MyInfoView.swift; sourceTree = "<group>"; };
		18EFC737292610B000FB3DB2 /* InfoManageMentViewController.swift */ = {isa = PBXFileReference; lastKnownFileType = sourcecode.swift; path = InfoManageMentViewController.swift; sourceTree = "<group>"; };
		18EFC739292614CD00FB3DB2 /* InfoManageMentView.swift */ = {isa = PBXFileReference; lastKnownFileType = sourcecode.swift; path = InfoManageMentView.swift; sourceTree = "<group>"; };
		18EFC73D292614EE00FB3DB2 /* InfoManageMentTableViewCell.swift */ = {isa = PBXFileReference; lastKnownFileType = sourcecode.swift; path = InfoManageMentTableViewCell.swift; sourceTree = "<group>"; };
		18EFC741292618CE00FB3DB2 /* Identifier.swift */ = {isa = PBXFileReference; lastKnownFileType = sourcecode.swift; path = Identifier.swift; sourceTree = "<group>"; };
		18F10CD5292B3DCB0038BEEE /* SearchView.swift */ = {isa = PBXFileReference; lastKnownFileType = sourcecode.swift; path = SearchView.swift; sourceTree = "<group>"; };
		18F10CD7292B3DE00038BEEE /* SearchViewController.swift */ = {isa = PBXFileReference; lastKnownFileType = sourcecode.swift; path = SearchViewController.swift; sourceTree = "<group>"; };
		18F10CDE292BBC430038BEEE /* Network.swift */ = {isa = PBXFileReference; lastKnownFileType = sourcecode.swift; path = Network.swift; sourceTree = "<group>"; };
		18F10CE0292BCA8C0038BEEE /* Error+Extension.swift */ = {isa = PBXFileReference; lastKnownFileType = sourcecode.swift; path = "Error+Extension.swift"; sourceTree = "<group>"; };
		18F10CE2292BD10F0038BEEE /* ErrorCase.swift */ = {isa = PBXFileReference; lastKnownFileType = sourcecode.swift; path = ErrorCase.swift; sourceTree = "<group>"; };
		18F10CE4292BD49E0038BEEE /* NetWorkViewModel.swift */ = {isa = PBXFileReference; lastKnownFileType = sourcecode.swift; path = NetWorkViewModel.swift; sourceTree = "<group>"; };
		2FF5EFB55C66946D0EEEA7B3 /* Pods_ServiceLevelProject.framework */ = {isa = PBXFileReference; explicitFileType = wrapper.framework; includeInIndex = 0; path = Pods_ServiceLevelProject.framework; sourceTree = BUILT_PRODUCTS_DIR; };
		91D56AD38E233751A152CB81 /* Pods-ServiceLevelProject.release.xcconfig */ = {isa = PBXFileReference; includeInIndex = 1; lastKnownFileType = text.xcconfig; name = "Pods-ServiceLevelProject.release.xcconfig"; path = "Target Support Files/Pods-ServiceLevelProject/Pods-ServiceLevelProject.release.xcconfig"; sourceTree = "<group>"; };
		A5F6019EE00E4C54E3F9A5D4 /* Pods-ServiceLevelProject.debug.xcconfig */ = {isa = PBXFileReference; includeInIndex = 1; lastKnownFileType = text.xcconfig; name = "Pods-ServiceLevelProject.debug.xcconfig"; path = "Target Support Files/Pods-ServiceLevelProject/Pods-ServiceLevelProject.debug.xcconfig"; sourceTree = "<group>"; };
/* End PBXFileReference section */

/* Begin PBXFrameworksBuildPhase section */
		18DC246529189DDD00DD5D1C /* Frameworks */ = {
			isa = PBXFrameworksBuildPhase;
			buildActionMask = 2147483647;
			files = (
				18B6A03D2938FEAC00FA23D9 /* RealmSwift in Frameworks */,
				18B6A03B2938FEAC00FA23D9 /* Realm in Frameworks */,
				184DDD75291A899F00F12D63 /* RxSwift in Frameworks */,
				186D3FBA29401B9200C21145 /* SocketIO in Frameworks */,
				18F10CDB292B5F720038BEEE /* MultiSlider in Frameworks */,
				18CBBEB0292210F800CEC097 /* FirebaseAuth in Frameworks */,
				18CBBEB2292210F800CEC097 /* FirebaseMessaging in Frameworks */,
				184DDD78291A89D000F12D63 /* SnapKit in Frameworks */,
				183834B1292E795B006C0675 /* Tabman in Frameworks */,
				18D65DF2291D55CE00CBEAB4 /* Alamofire in Frameworks */,
				184DDD73291A899F00F12D63 /* RxCocoa in Frameworks */,
				184DDD7B291A89EF00F12D63 /* Toast in Frameworks */,
				1E3CEBAC5365DE99799F5E39 /* Pods_ServiceLevelProject.framework in Frameworks */,
			);
			runOnlyForDeploymentPostprocessing = 0;
		};
		18DC247B29189DDE00DD5D1C /* Frameworks */ = {
			isa = PBXFrameworksBuildPhase;
			buildActionMask = 2147483647;
			files = (
			);
			runOnlyForDeploymentPostprocessing = 0;
		};
		18DC248529189DDE00DD5D1C /* Frameworks */ = {
			isa = PBXFrameworksBuildPhase;
			buildActionMask = 2147483647;
			files = (
			);
			runOnlyForDeploymentPostprocessing = 0;
		};
/* End PBXFrameworksBuildPhase section */

/* Begin PBXGroup section */
		18057E972943384200F975AE /* Model */ = {
			isa = PBXGroup;
			children = (
				18057E982943386700F975AE /* ChatData.swift */,
				185F96B5294DF5A600FFB5F5 /* Repository.swift */,
			);
			path = Model;
			sourceTree = "<group>";
		};
		183834B6292E8046006C0675 /* SearchList */ = {
			isa = PBXGroup;
			children = (
				183834B8292E8052006C0675 /* ViewModel */,
				183834B7292E804F006C0675 /* View */,
			);
			path = SearchList;
			sourceTree = "<group>";
		};
		183834B7292E804F006C0675 /* View */ = {
			isa = PBXGroup;
			children = (
				183834B4292E7A67006C0675 /* AcceptViewController.swift */,
				183834B2292E7A4D006C0675 /* AroundSeSacViewController.swift */,
				183834A1292DD311006C0675 /* SearchListViewController.swift */,
				183834A3292DD318006C0675 /* SearchListView.swift */,
				18B32241293621270016AE1A /* SearchListTableViewCell.swift */,
			);
			path = View;
			sourceTree = "<group>";
		};
		183834B8292E8052006C0675 /* ViewModel */ = {
			isa = PBXGroup;
			children = (
			);
			path = ViewModel;
			sourceTree = "<group>";
		};
		184DDD98291AB2C500F12D63 /* Auth */ = {
			isa = PBXGroup;
			children = (
				184DDD9A291AB2C900F12D63 /* ViewModel */,
				184DDD99291AB2C700F12D63 /* View */,
			);
			path = Auth;
			sourceTree = "<group>";
		};
		184DDD99291AB2C700F12D63 /* View */ = {
			isa = PBXGroup;
			children = (
				184DDD9B291AB2D000F12D63 /* AuthView.swift */,
				184DDD9D291AB2E600F12D63 /* AuthViewController.swift */,
			);
			path = View;
			sourceTree = "<group>";
		};
		184DDD9A291AB2C900F12D63 /* ViewModel */ = {
			isa = PBXGroup;
			children = (
			);
			path = ViewModel;
			sourceTree = "<group>";
		};
		1885ACF2292FDE9400DBFEE7 /* Custom */ = {
			isa = PBXGroup;
			children = (
			);
			path = Custom;
			sourceTree = "<group>";
		};
		1885ACF7292FE20F00DBFEE7 /* Common */ = {
			isa = PBXGroup;
			children = (
				18F10CDE292BBC430038BEEE /* Network.swift */,
				1885ACF0292FDD7A00DBFEE7 /* APIProtocol.swift */,
				18D65DF3291D585D00CBEAB4 /* APIHeader.swift */,
				186D3FB4294016D900C21145 /* APIKey.swift */,
				18D7419D294B87AC00F25491 /* APISeSac.swift */,
			);
			path = Common;
			sourceTree = "<group>";
		};
		1885ACF8292FE21900DBFEE7 /* API */ = {
			isa = PBXGroup;
			children = (
				1885ACEE292FD3E400DBFEE7 /* APIQueue.swift */,
				18D65DEE291D535C00CBEAB4 /* APIUser.swift */,
				18EC05AD29387920007EA5CB /* APIChat.swift */,
			);
			path = API;
			sourceTree = "<group>";
		};
		18B0DA12291A295F007044BA /* OnBoarding */ = {
			isa = PBXGroup;
			children = (
				18B0DA13291A2977007044BA /* View */,
			);
			path = OnBoarding;
			sourceTree = "<group>";
		};
		18B0DA13291A2977007044BA /* View */ = {
			isa = PBXGroup;
			children = (
				18B0DA16291A2995007044BA /* OnBoardingViewController.swift */,
				1861EC79291C0709008E0575 /* FirstViewController.swift */,
				1861EC7B291C1C73008E0575 /* SecondViewController.swift */,
				1861EC7D291C1C79008E0575 /* ThirdViewController.swift */,
				18C9FAC2291CDBD000F78848 /* OnBoardingView.swift */,
			);
			path = View;
			sourceTree = "<group>";
		};
		18B0DA18291A3E24007044BA /* Login */ = {
			isa = PBXGroup;
			children = (
				18B0DA1A291A3FA6007044BA /* ViewModel */,
				18B0DA19291A3E28007044BA /* View */,
			);
			path = Login;
			sourceTree = "<group>";
		};
		18B0DA19291A3E28007044BA /* View */ = {
			isa = PBXGroup;
			children = (
				18B0DA1D291A3FC7007044BA /* LoginView.swift */,
				18B0DA1B291A3FBF007044BA /* LoginViewController.swift */,
			);
			path = View;
			sourceTree = "<group>";
		};
		18B0DA1A291A3FA6007044BA /* ViewModel */ = {
			isa = PBXGroup;
			children = (
			);
			path = ViewModel;
			sourceTree = "<group>";
		};
		18C9FABD291CDB5000F78848 /* Signup */ = {
			isa = PBXGroup;
			children = (
				18C9FABF291CDB5B00F78848 /* View */,
				18C9FABE291CDB5700F78848 /* ViewModel */,
			);
			path = Signup;
			sourceTree = "<group>";
		};
		18C9FABE291CDB5700F78848 /* ViewModel */ = {
			isa = PBXGroup;
			children = (
			);
			path = ViewModel;
			sourceTree = "<group>";
		};
		18C9FABF291CDB5B00F78848 /* View */ = {
			isa = PBXGroup;
			children = (
				18C9FAC4291CE13B00F78848 /* NickNameViewController.swift */,
				18AD858029214F7D004169C1 /* BirthViewController.swift */,
				18AD85822921509C004169C1 /* EmailViewController.swift */,
				18AD8584292150E1004169C1 /* GenderViewController.swift */,
			);
			path = View;
			sourceTree = "<group>";
		};
		18D5C6022941E4BD00A6615A /* APIUser */ = {
			isa = PBXGroup;
			children = (
				18B569C2293C4E9C0004314E /* WithdrawProtocol.swift */,
				18B569C6293C60F10004314E /* MypageProtocol.swift */,
				18B569C4293C534B0004314E /* SignupProtocol.swift */,
				18B569C0293C433E0004314E /* LoginProtocol.swift */,
			);
			path = APIUser;
			sourceTree = "<group>";
		};
		18D5C6032941E4C400A6615A /* APIQueue */ = {
			isa = PBXGroup;
			children = (
				18C4DFEF293486E8008C0A2C /* SearchProtocol.swift */,
				1834D6FA2934BD210020B2CE /* callSearchProtocol.swift */,
				18BF5F382937678C007B20EB /* AroundProtocol.swift */,
				18BF5F3A2937BE29007B20EB /* AcceptProtocol.swift */,
				18EC05AB293875BD007EA5CB /* DodgeProtocol.swift */,
				18DEA04A2933DB410098920A /* HomeProtocol.swift */,
				18D5C5FE2941CCEC00A6615A /* ReviewProtocol.swift */,
				18B569C8293C7DF40004314E /* StopProtocol.swift */,
				18A73E5F294F265A002FD1C4 /* MyQueueStateProtocol.swift */,
			);
			path = APIQueue;
			sourceTree = "<group>";
		};
		18D5C6042941E4CA00A6615A /* APIChat */ = {
			isa = PBXGroup;
			children = (
				18EC05B129387E1F007EA5CB /* ChatProtocol.swift */,
			);
			path = APIChat;
			sourceTree = "<group>";
		};
		18DC245F29189DDD00DD5D1C = {
			isa = PBXGroup;
			children = (
				1845F0CB294B9E3F00A0A9F6 /* README.md */,
				18DC24AD2918E24E00DD5D1C /* .gitignore */,
				18DC246A29189DDD00DD5D1C /* ServiceLevelProject */,
				18DC248129189DDE00DD5D1C /* ServiceLevelProjectTests */,
				18DC248B29189DDE00DD5D1C /* ServiceLevelProjectUITests */,
				18DC246929189DDD00DD5D1C /* Products */,
				F9E455B8688E51807478B65C /* Pods */,
				3CB4C4873063175F461C91A6 /* Frameworks */,
			);
			sourceTree = "<group>";
		};
		18DC246929189DDD00DD5D1C /* Products */ = {
			isa = PBXGroup;
			children = (
				18DC246829189DDD00DD5D1C /* ServiceLevelProject.app */,
				18DC247E29189DDE00DD5D1C /* ServiceLevelProjectTests.xctest */,
				18DC248829189DDE00DD5D1C /* ServiceLevelProjectUITests.xctest */,
			);
			name = Products;
			sourceTree = "<group>";
		};
		18DC246A29189DDD00DD5D1C /* ServiceLevelProject */ = {
			isa = PBXGroup;
			children = (
				18B0DA22291A63CF007044BA /* ServiceLevelProject.entitlements */,
				18DC249C29189E4A00DD5D1C /* Resource */,
				18DC24A22918A9A700DD5D1C /* Infrastructure */,
				18DC249F2918A98200DD5D1C /* Utils */,
				18DC249E29189EAD00DD5D1C /* Surpport */,
				18DC249D29189E8300DD5D1C /* Presentation */,
				18DC249B29189DEE00DD5D1C /* Application */,
			);
			path = ServiceLevelProject;
			sourceTree = "<group>";
		};
		18DC248129189DDE00DD5D1C /* ServiceLevelProjectTests */ = {
			isa = PBXGroup;
			children = (
				18DC248229189DDE00DD5D1C /* ServiceLevelProjectTests.swift */,
			);
			path = ServiceLevelProjectTests;
			sourceTree = "<group>";
		};
		18DC248B29189DDE00DD5D1C /* ServiceLevelProjectUITests */ = {
			isa = PBXGroup;
			children = (
				18DC248C29189DDE00DD5D1C /* ServiceLevelProjectUITests.swift */,
				18DC248E29189DDE00DD5D1C /* ServiceLevelProjectUITestsLaunchTests.swift */,
			);
			path = ServiceLevelProjectUITests;
			sourceTree = "<group>";
		};
		18DC249B29189DEE00DD5D1C /* Application */ = {
			isa = PBXGroup;
			children = (
				18DC24AF2918EAA900DD5D1C /* AppFont.swift */,
				18DC24AB2918E23E00DD5D1C /* AppColor.swift */,
				18DC246B29189DDD00DD5D1C /* AppDelegate.swift */,
				18DC246D29189DDD00DD5D1C /* SceneDelegate.swift */,
			);
			path = Application;
			sourceTree = "<group>";
		};
		18DC249C29189E4A00DD5D1C /* Resource */ = {
			isa = PBXGroup;
			children = (
				18DC247429189DDE00DD5D1C /* Assets.xcassets */,
				18DC247629189DDE00DD5D1C /* LaunchScreen.storyboard */,
			);
			path = Resource;
			sourceTree = "<group>";
		};
		18DC249D29189E8300DD5D1C /* Presentation */ = {
			isa = PBXGroup;
			children = (
				18DC24A62918A9FF00DD5D1C /* Common */,
				18EC05A4293863F6007EA5CB /* Chatting */,
				183834B6292E8046006C0675 /* SearchList */,
				18F10CD2292B3DBE0038BEEE /* Search */,
				18EFC7342926106800FB3DB2 /* InfoManageMent */,
				18EFC70B29249E2800FB3DB2 /* MyInfo */,
				18EFC70929249E1C00FB3DB2 /* SesacShop */,
				18EFC707292477C000FB3DB2 /* Tap */,
				18C9FABD291CDB5000F78848 /* Signup */,
				184DDD98291AB2C500F12D63 /* Auth */,
				18B0DA18291A3E24007044BA /* Login */,
				18B0DA12291A295F007044BA /* OnBoarding */,
				18DC24BA291929AE00DD5D1C /* Base */,
				18DC24A52918A9CF00DD5D1C /* Home */,
			);
			path = Presentation;
			sourceTree = "<group>";
		};
		18DC249E29189EAD00DD5D1C /* Surpport */ = {
			isa = PBXGroup;
			children = (
				18C9FAB6291CB08C00F78848 /* GoogleService-Info.plist */,
				18DC247929189DDE00DD5D1C /* Info.plist */,
			);
			path = Surpport;
			sourceTree = "<group>";
		};
		18DC249F2918A98200DD5D1C /* Utils */ = {
			isa = PBXGroup;
			children = (
				18057E972943384200F975AE /* Model */,
				18DC24B92919292A00DD5D1C /* Extension */,
				18DC24A12918A98E00DD5D1C /* Constant */,
				18DC24A02918A98800DD5D1C /* Error */,
			);
			path = Utils;
			sourceTree = "<group>";
		};
		18DC24A02918A98800DD5D1C /* Error */ = {
			isa = PBXGroup;
			children = (
			);
			path = Error;
			sourceTree = "<group>";
		};
		18DC24A12918A98E00DD5D1C /* Constant */ = {
			isa = PBXGroup;
			children = (
				18C9FAC0291CDB7400F78848 /* Enum.swift */,
			);
			path = Constant;
			sourceTree = "<group>";
		};
		18DC24A22918A9A700DD5D1C /* Infrastructure */ = {
			isa = PBXGroup;
			children = (
				18F10CE7292BD5330038BEEE /* Error */,
				18DC24A42918A9C400DD5D1C /* Database */,
				18DC24A32918A9BA00DD5D1C /* Network */,
				186D3FB629401B5500C21145 /* SocketIOManager.swift */,
			);
			path = Infrastructure;
			sourceTree = "<group>";
		};
		18DC24A32918A9BA00DD5D1C /* Network */ = {
			isa = PBXGroup;
			children = (
				1885ACF8292FE21900DBFEE7 /* API */,
				1885ACF7292FE20F00DBFEE7 /* Common */,
				18F10CE6292BD4A00038BEEE /* ViewModel */,
			);
			path = Network;
			sourceTree = "<group>";
		};
		18DC24A42918A9C400DD5D1C /* Database */ = {
			isa = PBXGroup;
			children = (
				18AD858629217131004169C1 /* UserInfo.swift */,
				1832BAB82931265D005D99D6 /* QueuInfo.swift */,
				18EC05AF29387A74007EA5CB /* ChatInfo.swift */,
			);
			path = Database;
			sourceTree = "<group>";
		};
		18DC24A52918A9CF00DD5D1C /* Home */ = {
			isa = PBXGroup;
			children = (
				18DC24AA2918AA2200DD5D1C /* ViewModel */,
				18DC24A92918AA1F00DD5D1C /* View */,
			);
			path = Home;
			sourceTree = "<group>";
		};
		18DC24A62918A9FF00DD5D1C /* Common */ = {
			isa = PBXGroup;
			children = (
				1885ACF2292FDE9400DBFEE7 /* Custom */,
				18DC24A82918AA0A00DD5D1C /* Protocol */,
				18DC24A72918AA0100DD5D1C /* Enum */,
			);
			path = Common;
			sourceTree = "<group>";
		};
		18DC24A72918AA0100DD5D1C /* Enum */ = {
			isa = PBXGroup;
			children = (
				18EC2FCC2932786100071C94 /* ImageEnum.swift */,
				18D5C5FC2941ADA100A6615A /* CVEnum.swift */,
			);
			path = Enum;
			sourceTree = "<group>";
		};
		18DC24A82918AA0A00DD5D1C /* Protocol */ = {
			isa = PBXGroup;
			children = (
				18D5C6042941E4CA00A6615A /* APIChat */,
				18D5C6032941E4C400A6615A /* APIQueue */,
				18D5C6022941E4BD00A6615A /* APIUser */,
				18DC24B3291928FC00DD5D1C /* ViewModelType.swift */,
				1834D6FC2934BD530020B2CE /* TransferDataProtocol.swift */,
				18D5C6002941E46300A6615A /* APIQueueProtocol.swift */,
				18E1DEF42950246A003498C1 /* APIUserProtocol.swift */,
			);
			path = Protocol;
			sourceTree = "<group>";
		};
		18DC24A92918AA1F00DD5D1C /* View */ = {
			isa = PBXGroup;
			children = (
				18DC246F29189DDD00DD5D1C /* HomeViewController.swift */,
				18DC24C029192A2200DD5D1C /* HomeView.swift */,
			);
			path = View;
			sourceTree = "<group>";
		};
		18DC24AA2918AA2200DD5D1C /* ViewModel */ = {
			isa = PBXGroup;
			children = (
			);
			path = ViewModel;
			sourceTree = "<group>";
		};
		18DC24B92919292A00DD5D1C /* Extension */ = {
			isa = PBXGroup;
			children = (
				18EFC741292618CE00FB3DB2 /* Identifier.swift */,
				18DC24B52919290D00DD5D1C /* Transition.swift */,
				18EFC70329236AA400FB3DB2 /* Date.swift */,
			);
			path = Extension;
			sourceTree = "<group>";
		};
		18DC24BA291929AE00DD5D1C /* Base */ = {
			isa = PBXGroup;
			children = (
				18DC24BF291929D700DD5D1C /* View */,
			);
			path = Base;
			sourceTree = "<group>";
		};
		18DC24BF291929D700DD5D1C /* View */ = {
			isa = PBXGroup;
			children = (
				18DC24BB291929BD00DD5D1C /* BaseViewController.swift */,
				18DC24BD291929C600DD5D1C /* BaseView.swift */,
			);
			path = View;
			sourceTree = "<group>";
		};
		18EC05A4293863F6007EA5CB /* Chatting */ = {
			isa = PBXGroup;
			children = (
				18EC05A6293863FD007EA5CB /* ViewModel */,
				18EC05A5293863FB007EA5CB /* View */,
			);
			path = Chatting;
			sourceTree = "<group>";
		};
		18EC05A5293863FB007EA5CB /* View */ = {
			isa = PBXGroup;
			children = (
				18EC05A729386410007EA5CB /* ChattingViewController.swift */,
				18EC05A929386420007EA5CB /* ChattingView.swift */,
				1887238B2938CC3B00C74DCE /* MychatTableViewCell.swift */,
				18B6A0372938D63B00FA23D9 /* YourChatTableViewCell.swift */,
				189E7590293FC85100497096 /* ChattingCollectionViewCell.swift */,
			);
			path = View;
			sourceTree = "<group>";
		};
		18EC05A6293863FD007EA5CB /* ViewModel */ = {
			isa = PBXGroup;
			children = (
			);
			path = ViewModel;
			sourceTree = "<group>";
		};
		18EFC707292477C000FB3DB2 /* Tap */ = {
			isa = PBXGroup;
			children = (
				18EFC708292477C600FB3DB2 /* View */,
			);
			path = Tap;
			sourceTree = "<group>";
		};
		18EFC708292477C600FB3DB2 /* View */ = {
			isa = PBXGroup;
			children = (
				18EFC705292477B900FB3DB2 /* TapViewController.swift */,
			);
			path = View;
			sourceTree = "<group>";
		};
		18EFC70929249E1C00FB3DB2 /* SesacShop */ = {
			isa = PBXGroup;
			children = (
				18EFC71329249E4800FB3DB2 /* ViewModel */,
				18EFC71229249E4500FB3DB2 /* View */,
			);
			path = SesacShop;
			sourceTree = "<group>";
		};
		18EFC70B29249E2800FB3DB2 /* MyInfo */ = {
			isa = PBXGroup;
			children = (
				18EFC70D29249E3200FB3DB2 /* ViewModel */,
				18EFC70C29249E3000FB3DB2 /* View */,
			);
			path = MyInfo;
			sourceTree = "<group>";
		};
		18EFC70C29249E3000FB3DB2 /* View */ = {
			isa = PBXGroup;
			children = (
				18EFC70E29249E3C00FB3DB2 /* MyInfoViewController.swift */,
				18EFC7322924EDC300FB3DB2 /* MyInfoView.swift */,
			);
			path = View;
			sourceTree = "<group>";
		};
		18EFC70D29249E3200FB3DB2 /* ViewModel */ = {
			isa = PBXGroup;
			children = (
			);
			path = ViewModel;
			sourceTree = "<group>";
		};
		18EFC71229249E4500FB3DB2 /* View */ = {
			isa = PBXGroup;
			children = (
				18EFC71629249E5F00FB3DB2 /* SesacShopViewController.swift */,
			);
			path = View;
			sourceTree = "<group>";
		};
		18EFC71329249E4800FB3DB2 /* ViewModel */ = {
			isa = PBXGroup;
			children = (
			);
			path = ViewModel;
			sourceTree = "<group>";
		};
		18EFC7342926106800FB3DB2 /* InfoManageMent */ = {
			isa = PBXGroup;
			children = (
				18EFC736292610A200FB3DB2 /* ViewModel */,
				18EFC7352926109F00FB3DB2 /* View */,
			);
			path = InfoManageMent;
			sourceTree = "<group>";
		};
		18EFC7352926109F00FB3DB2 /* View */ = {
			isa = PBXGroup;
			children = (
				18EFC737292610B000FB3DB2 /* InfoManageMentViewController.swift */,
				18EFC739292614CD00FB3DB2 /* InfoManageMentView.swift */,
				18EFC73D292614EE00FB3DB2 /* InfoManageMentTableViewCell.swift */,
				18E283322929F3D000878738 /* InfoManageMentCollectionViewCell.swift */,
				18DAFFE52928C371002B6B7C /* HeaderView.swift */,
				18E283342929FADF00878738 /* HeaderCollectionView.swift */,
			);
			path = View;
			sourceTree = "<group>";
		};
		18EFC736292610A200FB3DB2 /* ViewModel */ = {
			isa = PBXGroup;
			children = (
			);
			path = ViewModel;
			sourceTree = "<group>";
		};
		18F10CD2292B3DBE0038BEEE /* Search */ = {
			isa = PBXGroup;
			children = (
				18F10CD4292B3DC40038BEEE /* View */,
				18F10CD3292B3DC10038BEEE /* ViewModel */,
			);
			path = Search;
			sourceTree = "<group>";
		};
		18F10CD3292B3DC10038BEEE /* ViewModel */ = {
			isa = PBXGroup;
			children = (
			);
			path = ViewModel;
			sourceTree = "<group>";
		};
		18F10CD4292B3DC40038BEEE /* View */ = {
			isa = PBXGroup;
			children = (
				18F10CD5292B3DCB0038BEEE /* SearchView.swift */,
				18F10CD7292B3DE00038BEEE /* SearchViewController.swift */,
			);
			path = View;
			sourceTree = "<group>";
		};
		18F10CE6292BD4A00038BEEE /* ViewModel */ = {
			isa = PBXGroup;
			children = (
				18F10CE4292BD49E0038BEEE /* NetWorkViewModel.swift */,
			);
			path = ViewModel;
			sourceTree = "<group>";
		};
		18F10CE7292BD5330038BEEE /* Error */ = {
			isa = PBXGroup;
			children = (
				18F10CE0292BCA8C0038BEEE /* Error+Extension.swift */,
				18F10CE2292BD10F0038BEEE /* ErrorCase.swift */,
			);
			path = Error;
			sourceTree = "<group>";
		};
		3CB4C4873063175F461C91A6 /* Frameworks */ = {
			isa = PBXGroup;
			children = (
				2FF5EFB55C66946D0EEEA7B3 /* Pods_ServiceLevelProject.framework */,
			);
			name = Frameworks;
			sourceTree = "<group>";
		};
		F9E455B8688E51807478B65C /* Pods */ = {
			isa = PBXGroup;
			children = (
				A5F6019EE00E4C54E3F9A5D4 /* Pods-ServiceLevelProject.debug.xcconfig */,
				91D56AD38E233751A152CB81 /* Pods-ServiceLevelProject.release.xcconfig */,
			);
			path = Pods;
			sourceTree = "<group>";
		};
/* End PBXGroup section */

/* Begin PBXNativeTarget section */
		18DC246729189DDD00DD5D1C /* ServiceLevelProject */ = {
			isa = PBXNativeTarget;
			buildConfigurationList = 18DC249229189DDE00DD5D1C /* Build configuration list for PBXNativeTarget "ServiceLevelProject" */;
			buildPhases = (
				1FA5A4218054E2EEDDD51C39 /* [CP] Check Pods Manifest.lock */,
				18DC246429189DDD00DD5D1C /* Sources */,
				18DC246529189DDD00DD5D1C /* Frameworks */,
				18DC246629189DDD00DD5D1C /* Resources */,
				55304C7F2936DD316FF82D68 /* [CP] Embed Pods Frameworks */,
			);
			buildRules = (
			);
			dependencies = (
			);
			name = ServiceLevelProject;
			packageProductDependencies = (
				184DDD72291A899F00F12D63 /* RxCocoa */,
				184DDD74291A899F00F12D63 /* RxSwift */,
				184DDD77291A89D000F12D63 /* SnapKit */,
				184DDD7A291A89EF00F12D63 /* Toast */,
				18D65DF1291D55CE00CBEAB4 /* Alamofire */,
				18CBBEAF292210F800CEC097 /* FirebaseAuth */,
				18CBBEB1292210F800CEC097 /* FirebaseMessaging */,
				18F10CDA292B5F720038BEEE /* MultiSlider */,
				183834B0292E795B006C0675 /* Tabman */,
				18B6A03A2938FEAC00FA23D9 /* Realm */,
				18B6A03C2938FEAC00FA23D9 /* RealmSwift */,
				186D3FB929401B9200C21145 /* SocketIO */,
			);
			productName = ServiceLevelProject;
			productReference = 18DC246829189DDD00DD5D1C /* ServiceLevelProject.app */;
			productType = "com.apple.product-type.application";
		};
		18DC247D29189DDE00DD5D1C /* ServiceLevelProjectTests */ = {
			isa = PBXNativeTarget;
			buildConfigurationList = 18DC249529189DDE00DD5D1C /* Build configuration list for PBXNativeTarget "ServiceLevelProjectTests" */;
			buildPhases = (
				18DC247A29189DDE00DD5D1C /* Sources */,
				18DC247B29189DDE00DD5D1C /* Frameworks */,
				18DC247C29189DDE00DD5D1C /* Resources */,
			);
			buildRules = (
			);
			dependencies = (
				18DC248029189DDE00DD5D1C /* PBXTargetDependency */,
			);
			name = ServiceLevelProjectTests;
			productName = ServiceLevelProjectTests;
			productReference = 18DC247E29189DDE00DD5D1C /* ServiceLevelProjectTests.xctest */;
			productType = "com.apple.product-type.bundle.unit-test";
		};
		18DC248729189DDE00DD5D1C /* ServiceLevelProjectUITests */ = {
			isa = PBXNativeTarget;
			buildConfigurationList = 18DC249829189DDE00DD5D1C /* Build configuration list for PBXNativeTarget "ServiceLevelProjectUITests" */;
			buildPhases = (
				18DC248429189DDE00DD5D1C /* Sources */,
				18DC248529189DDE00DD5D1C /* Frameworks */,
				18DC248629189DDE00DD5D1C /* Resources */,
			);
			buildRules = (
			);
			dependencies = (
				18DC248A29189DDE00DD5D1C /* PBXTargetDependency */,
			);
			name = ServiceLevelProjectUITests;
			productName = ServiceLevelProjectUITests;
			productReference = 18DC248829189DDE00DD5D1C /* ServiceLevelProjectUITests.xctest */;
			productType = "com.apple.product-type.bundle.ui-testing";
		};
/* End PBXNativeTarget section */

/* Begin PBXProject section */
		18DC246029189DDD00DD5D1C /* Project object */ = {
			isa = PBXProject;
			attributes = {
				BuildIndependentTargetsInParallel = 1;
				LastSwiftUpdateCheck = 1400;
				LastUpgradeCheck = 1400;
				TargetAttributes = {
					18DC246729189DDD00DD5D1C = {
						CreatedOnToolsVersion = 14.0.1;
					};
					18DC247D29189DDE00DD5D1C = {
						CreatedOnToolsVersion = 14.0.1;
						TestTargetID = 18DC246729189DDD00DD5D1C;
					};
					18DC248729189DDE00DD5D1C = {
						CreatedOnToolsVersion = 14.0.1;
						TestTargetID = 18DC246729189DDD00DD5D1C;
					};
				};
			};
			buildConfigurationList = 18DC246329189DDD00DD5D1C /* Build configuration list for PBXProject "ServiceLevelProject" */;
			compatibilityVersion = "Xcode 14.0";
			developmentRegion = en;
			hasScannedForEncodings = 0;
			knownRegions = (
				en,
				Base,
			);
			mainGroup = 18DC245F29189DDD00DD5D1C;
			packageReferences = (
				184DDD71291A899F00F12D63 /* XCRemoteSwiftPackageReference "RxSwift" */,
				184DDD76291A89D000F12D63 /* XCRemoteSwiftPackageReference "SnapKit" */,
				184DDD79291A89EF00F12D63 /* XCRemoteSwiftPackageReference "Toast-Swift" */,
				18D65DF0291D55CD00CBEAB4 /* XCRemoteSwiftPackageReference "Alamofire" */,
				18CBBEAE292210F800CEC097 /* XCRemoteSwiftPackageReference "firebase-ios-sdk" */,
				18F10CD9292B5F720038BEEE /* XCRemoteSwiftPackageReference "MultiSlider" */,
				183834AF292E795B006C0675 /* XCRemoteSwiftPackageReference "Tabman" */,
				18B6A0392938FEAB00FA23D9 /* XCRemoteSwiftPackageReference "realm-swift" */,
				186D3FB829401B9100C21145 /* XCRemoteSwiftPackageReference "socket.io-client-swift" */,
			);
			productRefGroup = 18DC246929189DDD00DD5D1C /* Products */;
			projectDirPath = "";
			projectRoot = "";
			targets = (
				18DC246729189DDD00DD5D1C /* ServiceLevelProject */,
				18DC247D29189DDE00DD5D1C /* ServiceLevelProjectTests */,
				18DC248729189DDE00DD5D1C /* ServiceLevelProjectUITests */,
			);
		};
/* End PBXProject section */

/* Begin PBXResourcesBuildPhase section */
		18DC246629189DDD00DD5D1C /* Resources */ = {
			isa = PBXResourcesBuildPhase;
			buildActionMask = 2147483647;
			files = (
				18DC247829189DDE00DD5D1C /* LaunchScreen.storyboard in Resources */,
				18C9FAB7291CB08C00F78848 /* GoogleService-Info.plist in Resources */,
				18DC24AE2918E24E00DD5D1C /* .gitignore in Resources */,
				18DC247529189DDE00DD5D1C /* Assets.xcassets in Resources */,
			);
			runOnlyForDeploymentPostprocessing = 0;
		};
		18DC247C29189DDE00DD5D1C /* Resources */ = {
			isa = PBXResourcesBuildPhase;
			buildActionMask = 2147483647;
			files = (
			);
			runOnlyForDeploymentPostprocessing = 0;
		};
		18DC248629189DDE00DD5D1C /* Resources */ = {
			isa = PBXResourcesBuildPhase;
			buildActionMask = 2147483647;
			files = (
			);
			runOnlyForDeploymentPostprocessing = 0;
		};
/* End PBXResourcesBuildPhase section */

/* Begin PBXShellScriptBuildPhase section */
		1FA5A4218054E2EEDDD51C39 /* [CP] Check Pods Manifest.lock */ = {
			isa = PBXShellScriptBuildPhase;
			buildActionMask = 2147483647;
			files = (
			);
			inputFileListPaths = (
			);
			inputPaths = (
				"${PODS_PODFILE_DIR_PATH}/Podfile.lock",
				"${PODS_ROOT}/Manifest.lock",
			);
			name = "[CP] Check Pods Manifest.lock";
			outputFileListPaths = (
			);
			outputPaths = (
				"$(DERIVED_FILE_DIR)/Pods-ServiceLevelProject-checkManifestLockResult.txt",
			);
			runOnlyForDeploymentPostprocessing = 0;
			shellPath = /bin/sh;
			shellScript = "diff \"${PODS_PODFILE_DIR_PATH}/Podfile.lock\" \"${PODS_ROOT}/Manifest.lock\" > /dev/null\nif [ $? != 0 ] ; then\n    # print error to STDERR\n    echo \"error: The sandbox is not in sync with the Podfile.lock. Run 'pod install' or update your CocoaPods installation.\" >&2\n    exit 1\nfi\n# This output is used by Xcode 'outputs' to avoid re-running this script phase.\necho \"SUCCESS\" > \"${SCRIPT_OUTPUT_FILE_0}\"\n";
			showEnvVarsInLog = 0;
		};
		55304C7F2936DD316FF82D68 /* [CP] Embed Pods Frameworks */ = {
			isa = PBXShellScriptBuildPhase;
			buildActionMask = 2147483647;
			files = (
			);
			inputFileListPaths = (
				"${PODS_ROOT}/Target Support Files/Pods-ServiceLevelProject/Pods-ServiceLevelProject-frameworks-${CONFIGURATION}-input-files.xcfilelist",
			);
			name = "[CP] Embed Pods Frameworks";
			outputFileListPaths = (
				"${PODS_ROOT}/Target Support Files/Pods-ServiceLevelProject/Pods-ServiceLevelProject-frameworks-${CONFIGURATION}-output-files.xcfilelist",
			);
			runOnlyForDeploymentPostprocessing = 0;
			shellPath = /bin/sh;
			shellScript = "\"${PODS_ROOT}/Target Support Files/Pods-ServiceLevelProject/Pods-ServiceLevelProject-frameworks.sh\"\n";
			showEnvVarsInLog = 0;
		};
/* End PBXShellScriptBuildPhase section */

/* Begin PBXSourcesBuildPhase section */
		18DC246429189DDD00DD5D1C /* Sources */ = {
			isa = PBXSourcesBuildPhase;
			buildActionMask = 2147483647;
			files = (
				1834D6FB2934BD210020B2CE /* callSearchProtocol.swift in Sources */,
				18DEA04B2933DB410098920A /* HomeProtocol.swift in Sources */,
				18EC2FCD2932786100071C94 /* ImageEnum.swift in Sources */,
				18EFC71729249E5F00FB3DB2 /* SesacShopViewController.swift in Sources */,
				189E7591293FC85100497096 /* ChattingCollectionViewCell.swift in Sources */,
				184DDD9C291AB2D000F12D63 /* AuthView.swift in Sources */,
				18B0DA1C291A3FBF007044BA /* LoginViewController.swift in Sources */,
				18D5C5FD2941ADA100A6615A /* CVEnum.swift in Sources */,
				18DC24B62919290D00DD5D1C /* Transition.swift in Sources */,
				18AD8585292150E1004169C1 /* GenderViewController.swift in Sources */,
				18F10CE1292BCA8C0038BEEE /* Error+Extension.swift in Sources */,
				18DC247029189DDD00DD5D1C /* HomeViewController.swift in Sources */,
				1832BAB92931265D005D99D6 /* QueuInfo.swift in Sources */,
				18D65DEF291D535C00CBEAB4 /* APIUser.swift in Sources */,
				18EC05AE29387920007EA5CB /* APIChat.swift in Sources */,
				18EC05B029387A74007EA5CB /* ChatInfo.swift in Sources */,
				18EC05A829386410007EA5CB /* ChattingViewController.swift in Sources */,
				18F10CE3292BD10F0038BEEE /* ErrorCase.swift in Sources */,
				18EFC7332924EDC300FB3DB2 /* MyInfoView.swift in Sources */,
				18B569C7293C60F10004314E /* MypageProtocol.swift in Sources */,
				186D3FB5294016D900C21145 /* APIKey.swift in Sources */,
				18B569C1293C433E0004314E /* LoginProtocol.swift in Sources */,
				18EFC73E292614EE00FB3DB2 /* InfoManageMentTableViewCell.swift in Sources */,
				18057E992943386700F975AE /* ChatData.swift in Sources */,
				1861EC7E291C1C79008E0575 /* ThirdViewController.swift in Sources */,
				183834A4292DD318006C0675 /* SearchListView.swift in Sources */,
				18F10CD6292B3DCB0038BEEE /* SearchView.swift in Sources */,
				18BF5F3B2937BE29007B20EB /* AcceptProtocol.swift in Sources */,
				18B569C3293C4E9C0004314E /* WithdrawProtocol.swift in Sources */,
				18D7419E294B87AC00F25491 /* APISeSac.swift in Sources */,
				18EFC73A292614CD00FB3DB2 /* InfoManageMentView.swift in Sources */,
				18DC24B02918EAA900DD5D1C /* AppFont.swift in Sources */,
				1885ACF1292FDD7A00DBFEE7 /* APIProtocol.swift in Sources */,
				18E283332929F3D000878738 /* InfoManageMentCollectionViewCell.swift in Sources */,
				18B0DA17291A2995007044BA /* OnBoardingViewController.swift in Sources */,
				186D3FB729401B5500C21145 /* SocketIOManager.swift in Sources */,
				18C4DFF0293486E8008C0A2C /* SearchProtocol.swift in Sources */,
				18DC24C129192A2200DD5D1C /* HomeView.swift in Sources */,
				184DDD9E291AB2E600F12D63 /* AuthViewController.swift in Sources */,
				18DC24B4291928FC00DD5D1C /* ViewModelType.swift in Sources */,
				1861EC7A291C0709008E0575 /* FirstViewController.swift in Sources */,
				18B569C9293C7DF40004314E /* StopProtocol.swift in Sources */,
				18EC05B229387E1F007EA5CB /* ChatProtocol.swift in Sources */,
				18DC24AC2918E23E00DD5D1C /* AppColor.swift in Sources */,
				18DC24BC291929BD00DD5D1C /* BaseViewController.swift in Sources */,
				185F96B6294DF5A600FFB5F5 /* Repository.swift in Sources */,
				18D5C5FF2941CCEC00A6615A /* ReviewProtocol.swift in Sources */,
				18EFC742292618CE00FB3DB2 /* Identifier.swift in Sources */,
				18C9FAC3291CDBD000F78848 /* OnBoardingView.swift in Sources */,
				18EC05AC293875BD007EA5CB /* DodgeProtocol.swift in Sources */,
				1887238C2938CC3B00C74DCE /* MychatTableViewCell.swift in Sources */,
				18D65DF4291D585D00CBEAB4 /* APIHeader.swift in Sources */,
				1861EC7C291C1C73008E0575 /* SecondViewController.swift in Sources */,
				18F10CE5292BD49E0038BEEE /* NetWorkViewModel.swift in Sources */,
				18EC05AA29386420007EA5CB /* ChattingView.swift in Sources */,
				18C9FAC5291CE13B00F78848 /* NickNameViewController.swift in Sources */,
				18B569C5293C534B0004314E /* SignupProtocol.swift in Sources */,
				1885ACEF292FD3E400DBFEE7 /* APIQueue.swift in Sources */,
				18BF5F392937678C007B20EB /* AroundProtocol.swift in Sources */,
				1834D6FD2934BD530020B2CE /* TransferDataProtocol.swift in Sources */,
				18DAFFE62928C371002B6B7C /* HeaderView.swift in Sources */,
				18DC24BE291929C600DD5D1C /* BaseView.swift in Sources */,
				18AD85832921509C004169C1 /* EmailViewController.swift in Sources */,
				18E283352929FADF00878738 /* HeaderCollectionView.swift in Sources */,
				18B6A0382938D63B00FA23D9 /* YourChatTableViewCell.swift in Sources */,
				18B0DA1E291A3FC7007044BA /* LoginView.swift in Sources */,
				18EFC70F29249E3C00FB3DB2 /* MyInfoViewController.swift in Sources */,
				18E1DEF52950246A003498C1 /* APIUserProtocol.swift in Sources */,
				18AD858129214F7D004169C1 /* BirthViewController.swift in Sources */,
				183834A2292DD311006C0675 /* SearchListViewController.swift in Sources */,
				18B32242293621270016AE1A /* SearchListTableViewCell.swift in Sources */,
				183834B5292E7A67006C0675 /* AcceptViewController.swift in Sources */,
				18A73E60294F265A002FD1C4 /* MyQueueStateProtocol.swift in Sources */,
				18EFC738292610B000FB3DB2 /* InfoManageMentViewController.swift in Sources */,
				18EFC70429236AA400FB3DB2 /* Date.swift in Sources */,
				183834B3292E7A4D006C0675 /* AroundSeSacViewController.swift in Sources */,
				18F10CD8292B3DE00038BEEE /* SearchViewController.swift in Sources */,
				18F10CDF292BBC430038BEEE /* Network.swift in Sources */,
				18D5C6012941E46300A6615A /* APIQueueProtocol.swift in Sources */,
				18DC246C29189DDD00DD5D1C /* AppDelegate.swift in Sources */,
				18C9FAC1291CDB7400F78848 /* Enum.swift in Sources */,
				18AD858729217131004169C1 /* UserInfo.swift in Sources */,
				18EFC706292477B900FB3DB2 /* TapViewController.swift in Sources */,
				18DC246E29189DDD00DD5D1C /* SceneDelegate.swift in Sources */,
			);
			runOnlyForDeploymentPostprocessing = 0;
		};
		18DC247A29189DDE00DD5D1C /* Sources */ = {
			isa = PBXSourcesBuildPhase;
			buildActionMask = 2147483647;
			files = (
				18DC248329189DDE00DD5D1C /* ServiceLevelProjectTests.swift in Sources */,
			);
			runOnlyForDeploymentPostprocessing = 0;
		};
		18DC248429189DDE00DD5D1C /* Sources */ = {
			isa = PBXSourcesBuildPhase;
			buildActionMask = 2147483647;
			files = (
				18DC248D29189DDE00DD5D1C /* ServiceLevelProjectUITests.swift in Sources */,
				18DC248F29189DDE00DD5D1C /* ServiceLevelProjectUITestsLaunchTests.swift in Sources */,
			);
			runOnlyForDeploymentPostprocessing = 0;
		};
/* End PBXSourcesBuildPhase section */

/* Begin PBXTargetDependency section */
		18DC248029189DDE00DD5D1C /* PBXTargetDependency */ = {
			isa = PBXTargetDependency;
			target = 18DC246729189DDD00DD5D1C /* ServiceLevelProject */;
			targetProxy = 18DC247F29189DDE00DD5D1C /* PBXContainerItemProxy */;
		};
		18DC248A29189DDE00DD5D1C /* PBXTargetDependency */ = {
			isa = PBXTargetDependency;
			target = 18DC246729189DDD00DD5D1C /* ServiceLevelProject */;
			targetProxy = 18DC248929189DDE00DD5D1C /* PBXContainerItemProxy */;
		};
/* End PBXTargetDependency section */

/* Begin PBXVariantGroup section */
		18DC247629189DDE00DD5D1C /* LaunchScreen.storyboard */ = {
			isa = PBXVariantGroup;
			children = (
				18DC247729189DDE00DD5D1C /* Base */,
			);
			name = LaunchScreen.storyboard;
			sourceTree = "<group>";
		};
/* End PBXVariantGroup section */

/* Begin XCBuildConfiguration section */
		18DC249029189DDE00DD5D1C /* Debug */ = {
			isa = XCBuildConfiguration;
			buildSettings = {
				ALWAYS_SEARCH_USER_PATHS = NO;
				CLANG_ANALYZER_NONNULL = YES;
				CLANG_ANALYZER_NUMBER_OBJECT_CONVERSION = YES_AGGRESSIVE;
				CLANG_CXX_LANGUAGE_STANDARD = "gnu++20";
				CLANG_ENABLE_MODULES = YES;
				CLANG_ENABLE_OBJC_ARC = YES;
				CLANG_ENABLE_OBJC_WEAK = YES;
				CLANG_WARN_BLOCK_CAPTURE_AUTORELEASING = YES;
				CLANG_WARN_BOOL_CONVERSION = YES;
				CLANG_WARN_COMMA = YES;
				CLANG_WARN_CONSTANT_CONVERSION = YES;
				CLANG_WARN_DEPRECATED_OBJC_IMPLEMENTATIONS = YES;
				CLANG_WARN_DIRECT_OBJC_ISA_USAGE = YES_ERROR;
				CLANG_WARN_DOCUMENTATION_COMMENTS = YES;
				CLANG_WARN_EMPTY_BODY = YES;
				CLANG_WARN_ENUM_CONVERSION = YES;
				CLANG_WARN_INFINITE_RECURSION = YES;
				CLANG_WARN_INT_CONVERSION = YES;
				CLANG_WARN_NON_LITERAL_NULL_CONVERSION = YES;
				CLANG_WARN_OBJC_IMPLICIT_RETAIN_SELF = YES;
				CLANG_WARN_OBJC_LITERAL_CONVERSION = YES;
				CLANG_WARN_OBJC_ROOT_CLASS = YES_ERROR;
				CLANG_WARN_QUOTED_INCLUDE_IN_FRAMEWORK_HEADER = YES;
				CLANG_WARN_RANGE_LOOP_ANALYSIS = YES;
				CLANG_WARN_STRICT_PROTOTYPES = YES;
				CLANG_WARN_SUSPICIOUS_MOVE = YES;
				CLANG_WARN_UNGUARDED_AVAILABILITY = YES_AGGRESSIVE;
				CLANG_WARN_UNREACHABLE_CODE = YES;
				CLANG_WARN__DUPLICATE_METHOD_MATCH = YES;
				COPY_PHASE_STRIP = NO;
				DEBUG_INFORMATION_FORMAT = dwarf;
				ENABLE_STRICT_OBJC_MSGSEND = YES;
				ENABLE_TESTABILITY = YES;
				GCC_C_LANGUAGE_STANDARD = gnu11;
				GCC_DYNAMIC_NO_PIC = NO;
				GCC_NO_COMMON_BLOCKS = YES;
				GCC_OPTIMIZATION_LEVEL = 0;
				GCC_PREPROCESSOR_DEFINITIONS = (
					"DEBUG=1",
					"$(inherited)",
				);
				GCC_WARN_64_TO_32_BIT_CONVERSION = YES;
				GCC_WARN_ABOUT_RETURN_TYPE = YES_ERROR;
				GCC_WARN_UNDECLARED_SELECTOR = YES;
				GCC_WARN_UNINITIALIZED_AUTOS = YES_AGGRESSIVE;
				GCC_WARN_UNUSED_FUNCTION = YES;
				GCC_WARN_UNUSED_VARIABLE = YES;
				IPHONEOS_DEPLOYMENT_TARGET = 16.0;
				MTL_ENABLE_DEBUG_INFO = INCLUDE_SOURCE;
				MTL_FAST_MATH = YES;
				ONLY_ACTIVE_ARCH = YES;
				SDKROOT = iphoneos;
				SWIFT_ACTIVE_COMPILATION_CONDITIONS = DEBUG;
				SWIFT_OPTIMIZATION_LEVEL = "-Onone";
			};
			name = Debug;
		};
		18DC249129189DDE00DD5D1C /* Release */ = {
			isa = XCBuildConfiguration;
			buildSettings = {
				ALWAYS_SEARCH_USER_PATHS = NO;
				CLANG_ANALYZER_NONNULL = YES;
				CLANG_ANALYZER_NUMBER_OBJECT_CONVERSION = YES_AGGRESSIVE;
				CLANG_CXX_LANGUAGE_STANDARD = "gnu++20";
				CLANG_ENABLE_MODULES = YES;
				CLANG_ENABLE_OBJC_ARC = YES;
				CLANG_ENABLE_OBJC_WEAK = YES;
				CLANG_WARN_BLOCK_CAPTURE_AUTORELEASING = YES;
				CLANG_WARN_BOOL_CONVERSION = YES;
				CLANG_WARN_COMMA = YES;
				CLANG_WARN_CONSTANT_CONVERSION = YES;
				CLANG_WARN_DEPRECATED_OBJC_IMPLEMENTATIONS = YES;
				CLANG_WARN_DIRECT_OBJC_ISA_USAGE = YES_ERROR;
				CLANG_WARN_DOCUMENTATION_COMMENTS = YES;
				CLANG_WARN_EMPTY_BODY = YES;
				CLANG_WARN_ENUM_CONVERSION = YES;
				CLANG_WARN_INFINITE_RECURSION = YES;
				CLANG_WARN_INT_CONVERSION = YES;
				CLANG_WARN_NON_LITERAL_NULL_CONVERSION = YES;
				CLANG_WARN_OBJC_IMPLICIT_RETAIN_SELF = YES;
				CLANG_WARN_OBJC_LITERAL_CONVERSION = YES;
				CLANG_WARN_OBJC_ROOT_CLASS = YES_ERROR;
				CLANG_WARN_QUOTED_INCLUDE_IN_FRAMEWORK_HEADER = YES;
				CLANG_WARN_RANGE_LOOP_ANALYSIS = YES;
				CLANG_WARN_STRICT_PROTOTYPES = YES;
				CLANG_WARN_SUSPICIOUS_MOVE = YES;
				CLANG_WARN_UNGUARDED_AVAILABILITY = YES_AGGRESSIVE;
				CLANG_WARN_UNREACHABLE_CODE = YES;
				CLANG_WARN__DUPLICATE_METHOD_MATCH = YES;
				COPY_PHASE_STRIP = NO;
				DEBUG_INFORMATION_FORMAT = "dwarf-with-dsym";
				ENABLE_NS_ASSERTIONS = NO;
				ENABLE_STRICT_OBJC_MSGSEND = YES;
				GCC_C_LANGUAGE_STANDARD = gnu11;
				GCC_NO_COMMON_BLOCKS = YES;
				GCC_WARN_64_TO_32_BIT_CONVERSION = YES;
				GCC_WARN_ABOUT_RETURN_TYPE = YES_ERROR;
				GCC_WARN_UNDECLARED_SELECTOR = YES;
				GCC_WARN_UNINITIALIZED_AUTOS = YES_AGGRESSIVE;
				GCC_WARN_UNUSED_FUNCTION = YES;
				GCC_WARN_UNUSED_VARIABLE = YES;
				IPHONEOS_DEPLOYMENT_TARGET = 16.0;
				MTL_ENABLE_DEBUG_INFO = NO;
				MTL_FAST_MATH = YES;
				SDKROOT = iphoneos;
				SWIFT_COMPILATION_MODE = wholemodule;
				SWIFT_OPTIMIZATION_LEVEL = "-O";
				VALIDATE_PRODUCT = YES;
			};
			name = Release;
		};
		18DC249329189DDE00DD5D1C /* Debug */ = {
			isa = XCBuildConfiguration;
			baseConfigurationReference = A5F6019EE00E4C54E3F9A5D4 /* Pods-ServiceLevelProject.debug.xcconfig */;
			buildSettings = {
				ASSETCATALOG_COMPILER_APPICON_NAME = AppIcon;
				ASSETCATALOG_COMPILER_GLOBAL_ACCENT_COLOR_NAME = AccentColor;
				CODE_SIGN_ENTITLEMENTS = ServiceLevelProject/ServiceLevelProject.entitlements;
				CODE_SIGN_IDENTITY = "Apple Development";
				CODE_SIGN_STYLE = Automatic;
				CURRENT_PROJECT_VERSION = 1;
				DEVELOPMENT_TEAM = 5MHUF29PV8;
				GENERATE_INFOPLIST_FILE = YES;
				INFOPLIST_FILE = ServiceLevelProject/Surpport/Info.plist;
				INFOPLIST_KEY_NSLocationAlwaysAndWhenInUseUsageDescription = "사용자 위치권한 허용";
				INFOPLIST_KEY_NSLocationWhenInUseUsageDescription = "";
				INFOPLIST_KEY_UIApplicationSupportsIndirectInputEvents = YES;
				INFOPLIST_KEY_UILaunchStoryboardName = LaunchScreen;
				INFOPLIST_KEY_UIMainStoryboardFile = "";
				INFOPLIST_KEY_UISupportedInterfaceOrientations_iPad = "UIInterfaceOrientationPortrait UIInterfaceOrientationPortraitUpsideDown UIInterfaceOrientationLandscapeLeft UIInterfaceOrientationLandscapeRight";
				INFOPLIST_KEY_UISupportedInterfaceOrientations_iPhone = "UIInterfaceOrientationPortrait UIInterfaceOrientationLandscapeLeft UIInterfaceOrientationLandscapeRight";
				LD_RUNPATH_SEARCH_PATHS = (
					"$(inherited)",
					"@executable_path/Frameworks",
				);
				MARKETING_VERSION = 1.0;
				PRODUCT_BUNDLE_IDENTIFIER = com.memolease.sesacslp;
				PRODUCT_NAME = "$(TARGET_NAME)";
				PROVISIONING_PROFILE_SPECIFIER = "";
				SUPPORTED_PLATFORMS = "iphoneos iphonesimulator";
				SUPPORTS_MACCATALYST = NO;
				SUPPORTS_MAC_DESIGNED_FOR_IPHONE_IPAD = NO;
				SWIFT_EMIT_LOC_STRINGS = YES;
				SWIFT_VERSION = 5.0;
				TARGETED_DEVICE_FAMILY = 1;
			};
			name = Debug;
		};
		18DC249429189DDE00DD5D1C /* Release */ = {
			isa = XCBuildConfiguration;
			baseConfigurationReference = 91D56AD38E233751A152CB81 /* Pods-ServiceLevelProject.release.xcconfig */;
			buildSettings = {
				ASSETCATALOG_COMPILER_APPICON_NAME = AppIcon;
				ASSETCATALOG_COMPILER_GLOBAL_ACCENT_COLOR_NAME = AccentColor;
				CODE_SIGN_ENTITLEMENTS = ServiceLevelProject/ServiceLevelProject.entitlements;
				CODE_SIGN_IDENTITY = "Apple Development";
				CODE_SIGN_STYLE = Automatic;
				CURRENT_PROJECT_VERSION = 1;
				DEVELOPMENT_TEAM = 5MHUF29PV8;
				GENERATE_INFOPLIST_FILE = YES;
				INFOPLIST_FILE = ServiceLevelProject/Surpport/Info.plist;
				INFOPLIST_KEY_NSLocationAlwaysAndWhenInUseUsageDescription = "사용자 위치권한 허용";
				INFOPLIST_KEY_NSLocationWhenInUseUsageDescription = "";
				INFOPLIST_KEY_UIApplicationSupportsIndirectInputEvents = YES;
				INFOPLIST_KEY_UILaunchStoryboardName = LaunchScreen;
				INFOPLIST_KEY_UIMainStoryboardFile = "";
				INFOPLIST_KEY_UISupportedInterfaceOrientations_iPad = "UIInterfaceOrientationPortrait UIInterfaceOrientationPortraitUpsideDown UIInterfaceOrientationLandscapeLeft UIInterfaceOrientationLandscapeRight";
				INFOPLIST_KEY_UISupportedInterfaceOrientations_iPhone = "UIInterfaceOrientationPortrait UIInterfaceOrientationLandscapeLeft UIInterfaceOrientationLandscapeRight";
				LD_RUNPATH_SEARCH_PATHS = (
					"$(inherited)",
					"@executable_path/Frameworks",
				);
				MARKETING_VERSION = 1.0;
				PRODUCT_BUNDLE_IDENTIFIER = com.memolease.sesacslp;
				PRODUCT_NAME = "$(TARGET_NAME)";
				PROVISIONING_PROFILE_SPECIFIER = "";
				SUPPORTED_PLATFORMS = "iphoneos iphonesimulator";
				SUPPORTS_MACCATALYST = NO;
				SUPPORTS_MAC_DESIGNED_FOR_IPHONE_IPAD = NO;
				SWIFT_EMIT_LOC_STRINGS = YES;
				SWIFT_VERSION = 5.0;
				TARGETED_DEVICE_FAMILY = 1;
			};
			name = Release;
		};
		18DC249629189DDE00DD5D1C /* Debug */ = {
			isa = XCBuildConfiguration;
			buildSettings = {
				ALWAYS_EMBED_SWIFT_STANDARD_LIBRARIES = YES;
				BUNDLE_LOADER = "$(TEST_HOST)";
				CODE_SIGN_STYLE = Automatic;
				CURRENT_PROJECT_VERSION = 1;
				DEVELOPMENT_TEAM = 5MHUF29PV8;
				GENERATE_INFOPLIST_FILE = YES;
				IPHONEOS_DEPLOYMENT_TARGET = 16.0;
				MARKETING_VERSION = 1.0;
				PRODUCT_BUNDLE_IDENTIFIER = ServiceLevelProject.ServiceLevelProjectTests;
				PRODUCT_NAME = "$(TARGET_NAME)";
				SWIFT_EMIT_LOC_STRINGS = NO;
				SWIFT_VERSION = 5.0;
				TARGETED_DEVICE_FAMILY = "1,2";
				TEST_HOST = "$(BUILT_PRODUCTS_DIR)/ServiceLevelProject.app/$(BUNDLE_EXECUTABLE_FOLDER_PATH)/ServiceLevelProject";
			};
			name = Debug;
		};
		18DC249729189DDE00DD5D1C /* Release */ = {
			isa = XCBuildConfiguration;
			buildSettings = {
				ALWAYS_EMBED_SWIFT_STANDARD_LIBRARIES = YES;
				BUNDLE_LOADER = "$(TEST_HOST)";
				CODE_SIGN_STYLE = Automatic;
				CURRENT_PROJECT_VERSION = 1;
				DEVELOPMENT_TEAM = 5MHUF29PV8;
				GENERATE_INFOPLIST_FILE = YES;
				IPHONEOS_DEPLOYMENT_TARGET = 16.0;
				MARKETING_VERSION = 1.0;
				PRODUCT_BUNDLE_IDENTIFIER = ServiceLevelProject.ServiceLevelProjectTests;
				PRODUCT_NAME = "$(TARGET_NAME)";
				SWIFT_EMIT_LOC_STRINGS = NO;
				SWIFT_VERSION = 5.0;
				TARGETED_DEVICE_FAMILY = "1,2";
				TEST_HOST = "$(BUILT_PRODUCTS_DIR)/ServiceLevelProject.app/$(BUNDLE_EXECUTABLE_FOLDER_PATH)/ServiceLevelProject";
			};
			name = Release;
		};
		18DC249929189DDE00DD5D1C /* Debug */ = {
			isa = XCBuildConfiguration;
			buildSettings = {
				ALWAYS_EMBED_SWIFT_STANDARD_LIBRARIES = YES;
				CODE_SIGN_STYLE = Automatic;
				CURRENT_PROJECT_VERSION = 1;
				DEVELOPMENT_TEAM = 5MHUF29PV8;
				GENERATE_INFOPLIST_FILE = YES;
				MARKETING_VERSION = 1.0;
				PRODUCT_BUNDLE_IDENTIFIER = ServiceLevelProject.ServiceLevelProjectUITests;
				PRODUCT_NAME = "$(TARGET_NAME)";
				SWIFT_EMIT_LOC_STRINGS = NO;
				SWIFT_VERSION = 5.0;
				TARGETED_DEVICE_FAMILY = "1,2";
				TEST_TARGET_NAME = ServiceLevelProject;
			};
			name = Debug;
		};
		18DC249A29189DDE00DD5D1C /* Release */ = {
			isa = XCBuildConfiguration;
			buildSettings = {
				ALWAYS_EMBED_SWIFT_STANDARD_LIBRARIES = YES;
				CODE_SIGN_STYLE = Automatic;
				CURRENT_PROJECT_VERSION = 1;
				DEVELOPMENT_TEAM = 5MHUF29PV8;
				GENERATE_INFOPLIST_FILE = YES;
				MARKETING_VERSION = 1.0;
				PRODUCT_BUNDLE_IDENTIFIER = ServiceLevelProject.ServiceLevelProjectUITests;
				PRODUCT_NAME = "$(TARGET_NAME)";
				SWIFT_EMIT_LOC_STRINGS = NO;
				SWIFT_VERSION = 5.0;
				TARGETED_DEVICE_FAMILY = "1,2";
				TEST_TARGET_NAME = ServiceLevelProject;
			};
			name = Release;
		};
/* End XCBuildConfiguration section */

/* Begin XCConfigurationList section */
		18DC246329189DDD00DD5D1C /* Build configuration list for PBXProject "ServiceLevelProject" */ = {
			isa = XCConfigurationList;
			buildConfigurations = (
				18DC249029189DDE00DD5D1C /* Debug */,
				18DC249129189DDE00DD5D1C /* Release */,
			);
			defaultConfigurationIsVisible = 0;
			defaultConfigurationName = Release;
		};
		18DC249229189DDE00DD5D1C /* Build configuration list for PBXNativeTarget "ServiceLevelProject" */ = {
			isa = XCConfigurationList;
			buildConfigurations = (
				18DC249329189DDE00DD5D1C /* Debug */,
				18DC249429189DDE00DD5D1C /* Release */,
			);
			defaultConfigurationIsVisible = 0;
			defaultConfigurationName = Release;
		};
		18DC249529189DDE00DD5D1C /* Build configuration list for PBXNativeTarget "ServiceLevelProjectTests" */ = {
			isa = XCConfigurationList;
			buildConfigurations = (
				18DC249629189DDE00DD5D1C /* Debug */,
				18DC249729189DDE00DD5D1C /* Release */,
			);
			defaultConfigurationIsVisible = 0;
			defaultConfigurationName = Release;
		};
		18DC249829189DDE00DD5D1C /* Build configuration list for PBXNativeTarget "ServiceLevelProjectUITests" */ = {
			isa = XCConfigurationList;
			buildConfigurations = (
				18DC249929189DDE00DD5D1C /* Debug */,
				18DC249A29189DDE00DD5D1C /* Release */,
			);
			defaultConfigurationIsVisible = 0;
			defaultConfigurationName = Release;
		};
/* End XCConfigurationList section */

/* Begin XCRemoteSwiftPackageReference section */
		183834AF292E795B006C0675 /* XCRemoteSwiftPackageReference "Tabman" */ = {
			isa = XCRemoteSwiftPackageReference;
			repositoryURL = "https://github.com/uias/Tabman.git";
			requirement = {
				kind = upToNextMajorVersion;
				minimumVersion = 3.0.0;
			};
		};
		184DDD71291A899F00F12D63 /* XCRemoteSwiftPackageReference "RxSwift" */ = {
			isa = XCRemoteSwiftPackageReference;
			repositoryURL = "https://github.com/ReactiveX/RxSwift.git";
			requirement = {
				kind = upToNextMajorVersion;
				minimumVersion = 6.0.0;
			};
		};
		184DDD76291A89D000F12D63 /* XCRemoteSwiftPackageReference "SnapKit" */ = {
			isa = XCRemoteSwiftPackageReference;
			repositoryURL = "https://github.com/SnapKit/SnapKit.git";
			requirement = {
				kind = upToNextMajorVersion;
				minimumVersion = 5.0.0;
			};
		};
		184DDD79291A89EF00F12D63 /* XCRemoteSwiftPackageReference "Toast-Swift" */ = {
			isa = XCRemoteSwiftPackageReference;
			repositoryURL = "https://github.com/scalessec/Toast-Swift.git";
			requirement = {
				kind = upToNextMajorVersion;
				minimumVersion = 5.0.0;
			};
		};
		186D3FB829401B9100C21145 /* XCRemoteSwiftPackageReference "socket.io-client-swift" */ = {
			isa = XCRemoteSwiftPackageReference;
			repositoryURL = "https://github.com/socketio/socket.io-client-swift.git";
			requirement = {
				kind = upToNextMajorVersion;
				minimumVersion = 16.0.1;
			};
		};
		18B6A0392938FEAB00FA23D9 /* XCRemoteSwiftPackageReference "realm-swift" */ = {
			isa = XCRemoteSwiftPackageReference;
			repositoryURL = "https://github.com/realm/realm-swift";
			requirement = {
				kind = upToNextMajorVersion;
				minimumVersion = 10.30.0;
			};
		};
		18CBBEAE292210F800CEC097 /* XCRemoteSwiftPackageReference "firebase-ios-sdk" */ = {
			isa = XCRemoteSwiftPackageReference;
			repositoryURL = "https://github.com/firebase/firebase-ios-sdk.git";
			requirement = {
				kind = upToNextMajorVersion;
				minimumVersion = 10.0.0;
			};
		};
		18D65DF0291D55CD00CBEAB4 /* XCRemoteSwiftPackageReference "Alamofire" */ = {
			isa = XCRemoteSwiftPackageReference;
			repositoryURL = "https://github.com/Alamofire/Alamofire.git";
			requirement = {
				kind = upToNextMajorVersion;
				minimumVersion = 5.0.0;
			};
		};
		18F10CD9292B5F720038BEEE /* XCRemoteSwiftPackageReference "MultiSlider" */ = {
			isa = XCRemoteSwiftPackageReference;
			repositoryURL = "https://github.com/yonat/MultiSlider.git";
			requirement = {
				kind = upToNextMajorVersion;
				minimumVersion = 1.0.0;
			};
		};
/* End XCRemoteSwiftPackageReference section */

/* Begin XCSwiftPackageProductDependency section */
		183834B0292E795B006C0675 /* Tabman */ = {
			isa = XCSwiftPackageProductDependency;
			package = 183834AF292E795B006C0675 /* XCRemoteSwiftPackageReference "Tabman" */;
			productName = Tabman;
		};
		184DDD72291A899F00F12D63 /* RxCocoa */ = {
			isa = XCSwiftPackageProductDependency;
			package = 184DDD71291A899F00F12D63 /* XCRemoteSwiftPackageReference "RxSwift" */;
			productName = RxCocoa;
		};
		184DDD74291A899F00F12D63 /* RxSwift */ = {
			isa = XCSwiftPackageProductDependency;
			package = 184DDD71291A899F00F12D63 /* XCRemoteSwiftPackageReference "RxSwift" */;
			productName = RxSwift;
		};
		184DDD77291A89D000F12D63 /* SnapKit */ = {
			isa = XCSwiftPackageProductDependency;
			package = 184DDD76291A89D000F12D63 /* XCRemoteSwiftPackageReference "SnapKit" */;
			productName = SnapKit;
		};
		184DDD7A291A89EF00F12D63 /* Toast */ = {
			isa = XCSwiftPackageProductDependency;
			package = 184DDD79291A89EF00F12D63 /* XCRemoteSwiftPackageReference "Toast-Swift" */;
			productName = Toast;
		};
		186D3FB929401B9200C21145 /* SocketIO */ = {
			isa = XCSwiftPackageProductDependency;
			package = 186D3FB829401B9100C21145 /* XCRemoteSwiftPackageReference "socket.io-client-swift" */;
			productName = SocketIO;
		};
		18B6A03A2938FEAC00FA23D9 /* Realm */ = {
			isa = XCSwiftPackageProductDependency;
			package = 18B6A0392938FEAB00FA23D9 /* XCRemoteSwiftPackageReference "realm-swift" */;
			productName = Realm;
		};
		18B6A03C2938FEAC00FA23D9 /* RealmSwift */ = {
			isa = XCSwiftPackageProductDependency;
			package = 18B6A0392938FEAB00FA23D9 /* XCRemoteSwiftPackageReference "realm-swift" */;
			productName = RealmSwift;
		};
		18CBBEAF292210F800CEC097 /* FirebaseAuth */ = {
			isa = XCSwiftPackageProductDependency;
			package = 18CBBEAE292210F800CEC097 /* XCRemoteSwiftPackageReference "firebase-ios-sdk" */;
			productName = FirebaseAuth;
		};
		18CBBEB1292210F800CEC097 /* FirebaseMessaging */ = {
			isa = XCSwiftPackageProductDependency;
			package = 18CBBEAE292210F800CEC097 /* XCRemoteSwiftPackageReference "firebase-ios-sdk" */;
			productName = FirebaseMessaging;
		};
		18D65DF1291D55CE00CBEAB4 /* Alamofire */ = {
			isa = XCSwiftPackageProductDependency;
			package = 18D65DF0291D55CD00CBEAB4 /* XCRemoteSwiftPackageReference "Alamofire" */;
			productName = Alamofire;
		};
		18F10CDA292B5F720038BEEE /* MultiSlider */ = {
			isa = XCSwiftPackageProductDependency;
			package = 18F10CD9292B5F720038BEEE /* XCRemoteSwiftPackageReference "MultiSlider" */;
			productName = MultiSlider;
		};
/* End XCSwiftPackageProductDependency section */
	};
	rootObject = 18DC246029189DDD00DD5D1C /* Project object */;
}
